PODS:
  - AEPAssurance (3.0.0):
    - AEPCore (>= 3.1.0)
    - AEPServices (>= 3.1.0)
  - AEPCore (3.2.3):
    - AEPRulesEngine (= 1.0.1)
    - AEPServices (= 3.2.3)
  - AEPEdge (1.1.1):
    - AEPCore (>= 3.1.1)
    - AEPEdgeIdentity
  - AEPEdgeConsent (1.0.0):
    - AEPCore (>= 3.1.0)
  - AEPEdgeIdentity (1.0.0):
    - AEPCore (>= 3.1.1)
  - AEPIdentity (3.2.3):
    - AEPCore (= 3.2.3)
  - AEPLifecycle (3.2.3):
    - AEPCore (= 3.2.3)
  - AEPRulesEngine (1.0.1)
  - AEPServices (3.2.3)
  - AEPSignal (3.2.3):
    - AEPCore (= 3.2.3)

DEPENDENCIES:
  - AEPAssurance
  - AEPCore
  - AEPEdge
  - AEPEdgeConsent
  - AEPEdgeIdentity
  - AEPIdentity
  - AEPLifecycle
  - AEPSignal

SPEC REPOS:
  trunk:
    - AEPAssurance
    - AEPCore
    - AEPEdge
    - AEPEdgeConsent
    - AEPEdgeIdentity
    - AEPIdentity
    - AEPLifecycle
    - AEPRulesEngine
    - AEPServices
    - AEPSignal

SPEC CHECKSUMS:
  AEPAssurance: 18068627111e366a851dc2166239f22b665101bd
  AEPCore: eaa2a725705c17d2a63c131aa682a21429688ee6
  AEPEdge: ff0cf67e25c342a7a9d48e9a77e9485869dad043
  AEPEdgeConsent: dd46002b0c4bf55443f5441990e799248975713e
  AEPEdgeIdentity: 40d312b4434b710a46c1738ab2a221dda4cfd67e
  AEPIdentity: 8e28eeda440dbbaac977e6e499feeb5a2bf3f2a8
  AEPLifecycle: e492629ac51c0e123e02b81238cebefaa3e7cb82
  AEPRulesEngine: 5075ed294026a12e37bd26fe260f74604d205354
  AEPServices: 29df53822d7708b602ab5789b668734e3b24b6c7
  AEPSignal: 1bcaabf874da22a31cb777d6ff5908b63142b378

PODFILE CHECKSUM: f8f6377f177679c703d35553161c85ae0c7e0e95

COCOAPODS: 1.10.0
