PODS:
  - AEPCore (3.1.0):
    - AEPRulesEngine (= 1.0.0)
    - AEPServices (= 3.1.0)
  - AEPEdge (1.0.0):
    - AEPCore
  - AEPRulesEngine (1.0.0)
  - AEPServices (3.1.0)

DEPENDENCIES:
  - AEPCore
  - AEPEdge

SPEC REPOS:
  trunk:
    - AEPCore
    - AEPEdge
    - AEPRulesEngine
    - AEPServices

SPEC CHECKSUMS:
  AEPCore: 026568b04d8c302ad801a6b4ed6ec3c160817ef6
  AEPEdge: 90ccd6aa9901a79be123ddee03e038f0d1837508
  AEPRulesEngine: 8bbc694fce6900cd33b2496c7d4b33ee2eeffc46
  AEPServices: cc1ec2987185ab01d62f6d41be0bb94a1b892efb

PODFILE CHECKSUM: 2ee8aa1215a622583a845502867017f707d0f1d0

COCOAPODS: 1.10.0
