PODS:
  - AEPCore (3.1.3):
    - AEPRulesEngine (= 1.0.1)
    - AEPServices (= 3.1.3)
  - AEPRulesEngine (1.0.1)
  - AEPServices (3.1.3)

DEPENDENCIES:
  - AEPCore

SPEC REPOS:
  trunk:
    - AEPCore
    - AEPRulesEngine
    - AEPServices

SPEC CHECKSUMS:
  AEPCore: 6ec14ec9b1ff45999ea53be112aba85522ad00c4
  AEPRulesEngine: 5075ed294026a12e37bd26fe260f74604d205354
  AEPServices: e032bfacfcb31f3a583b2aa1e87df5d427cca95d

PODFILE CHECKSUM: e9e3105fd51b250703e827683bc7a08abef2dfeb

COCOAPODS: 1.10.0
