// !$*UTF8*$!
{
	archiveVersion = 1;
	classes = {
	};
	objectVersion = 51;
	objects = {

/* Begin PBXBuildFile section */
		2E87F2BD58FB15D6C57F5A51 /* Pods_AEPEdgePersonalization.framework in Frameworks */ = {isa = PBXBuildFile; fileRef = 5237AAF8AAE9850DEDEA2C88 /* Pods_AEPEdgePersonalization.framework */; };
		3AEB05F692581AAC67BB2B85 /* Pods_FunctionalTests.framework in Frameworks */ = {isa = PBXBuildFile; fileRef = 9EE07424FC1DD074D8B9FD0C /* Pods_FunctionalTests.framework */; };
		41CB4F5069B6936944DDB6B1 /* Pods_UnitTests.framework in Frameworks */ = {isa = PBXBuildFile; fileRef = 74B9C2F3CA52295A7E3D1705 /* Pods_UnitTests.framework */; };
		58D9AFFD17FD5DC070B659D6 /* Pods_shared_AEPEdgePersonalizationDemoSwiftUI.framework in Frameworks */ = {isa = PBXBuildFile; fileRef = 3CE45BF0DB182B246B4809A5 /* Pods_shared_AEPEdgePersonalizationDemoSwiftUI.framework */; };
		6E0869EC3ED99F7541E51576 /* Pods_shared_AEPEdgePersonalizationDemoObjC.framework in Frameworks */ = {isa = PBXBuildFile; fileRef = 41916D155773EF0465C41CBF /* Pods_shared_AEPEdgePersonalizationDemoObjC.framework */; };
		C8276BE4261EC74F00508873 /* Array+Personalization.swift in Sources */ = {isa = PBXBuildFile; fileRef = C8276BE3261EC74F00508873 /* Array+Personalization.swift */; };
		C82A5EF226533A250062E70A /* CustomButtonView.swift in Sources */ = {isa = PBXBuildFile; fileRef = C82A5EEA265339A30062E70A /* CustomButtonView.swift */; };
		C82A5EF7265347060062E70A /* TextOfferView.swift in Sources */ = {isa = PBXBuildFile; fileRef = C82A5EF6265347040062E70A /* TextOfferView.swift */; };
		C82A5EFF26535ACB0062E70A /* HtmlOfferView.swift in Sources */ = {isa = PBXBuildFile; fileRef = C82A5EFE26535ACB0062E70A /* HtmlOfferView.swift */; };
		C82A5F0726535F5E0062E70A /* ImageOfferView.swift in Sources */ = {isa = PBXBuildFile; fileRef = C82A5F0626535F5E0062E70A /* ImageOfferView.swift */; };
		C82A5F122653A88D0062E70A /* HeaderView.swift in Sources */ = {isa = PBXBuildFile; fileRef = C82A5F112653A88A0062E70A /* HeaderView.swift */; };
		C82A5F3C2654D1990062E70A /* AppDelegate.m in Sources */ = {isa = PBXBuildFile; fileRef = C82A5F3B2654D1990062E70A /* AppDelegate.m */; };
		C82A5F3F2654D1990062E70A /* SceneDelegate.m in Sources */ = {isa = PBXBuildFile; fileRef = C82A5F3E2654D1990062E70A /* SceneDelegate.m */; };
		C82A5F422654D1990062E70A /* ViewController.m in Sources */ = {isa = PBXBuildFile; fileRef = C82A5F412654D1990062E70A /* ViewController.m */; };
		C82A5F452654D1990062E70A /* Main.storyboard in Resources */ = {isa = PBXBuildFile; fileRef = C82A5F432654D1990062E70A /* Main.storyboard */; };
		C82A5F472654D19C0062E70A /* Assets.xcassets in Resources */ = {isa = PBXBuildFile; fileRef = C82A5F462654D19C0062E70A /* Assets.xcassets */; };
		C82A5F4A2654D19C0062E70A /* LaunchScreen.storyboard in Resources */ = {isa = PBXBuildFile; fileRef = C82A5F482654D19C0062E70A /* LaunchScreen.storyboard */; };
		C82A5F4D2654D19C0062E70A /* main.m in Sources */ = {isa = PBXBuildFile; fileRef = C82A5F4C2654D19C0062E70A /* main.m */; };
		C82A5FA52654F05E0062E70A /* AEPEdgePersonalization.framework in Frameworks */ = {isa = PBXBuildFile; fileRef = C892B490260EAC74007FE5C5 /* AEPEdgePersonalization.framework */; };
		C863BE9D26458371004B90A0 /* AEPEdgePersonalizationDemoSwiftUIApp.swift in Sources */ = {isa = PBXBuildFile; fileRef = C863BE9C26458371004B90A0 /* AEPEdgePersonalizationDemoSwiftUIApp.swift */; };
		C863BE9F26458371004B90A0 /* OffersView.swift in Sources */ = {isa = PBXBuildFile; fileRef = C863BE9E26458371004B90A0 /* OffersView.swift */; };
		C863BEA126458373004B90A0 /* Assets.xcassets in Resources */ = {isa = PBXBuildFile; fileRef = C863BEA026458373004B90A0 /* Assets.xcassets */; };
		C863BEA426458373004B90A0 /* Preview Assets.xcassets in Resources */ = {isa = PBXBuildFile; fileRef = C863BEA326458373004B90A0 /* Preview Assets.xcassets */; };
		C863BF2C2647B573004B90A0 /* Pods_AEPEdgePersonalizationDemoSwiftUI.framework in Embed Frameworks */ = {isa = PBXBuildFile; fileRef = 906767562397250C4323720D /* Pods_AEPEdgePersonalizationDemoSwiftUI.framework */; settings = {ATTRIBUTES = (CodeSignOnCopy, RemoveHeadersOnCopy, ); }; };
		C863BF322647B577004B90A0 /* AEPEdgePersonalization.framework in Frameworks */ = {isa = PBXBuildFile; fileRef = C892B490260EAC74007FE5C5 /* AEPEdgePersonalization.framework */; };
		C863BF332647B577004B90A0 /* AEPEdgePersonalization.framework in Embed Frameworks */ = {isa = PBXBuildFile; fileRef = C892B490260EAC74007FE5C5 /* AEPEdgePersonalization.framework */; settings = {ATTRIBUTES = (CodeSignOnCopy, RemoveHeadersOnCopy, ); }; };
		C863BF412647C9F2004B90A0 /* SettingsView.swift in Sources */ = {isa = PBXBuildFile; fileRef = C863BF402647C9F2004B90A0 /* SettingsView.swift */; };
		C863BF462647CA28004B90A0 /* HomeView.swift in Sources */ = {isa = PBXBuildFile; fileRef = C863BF452647CA28004B90A0 /* HomeView.swift */; };
		C88C5E932613249C003AE3DE /* Personalization.swift in Sources */ = {isa = PBXBuildFile; fileRef = C88C5E8F2613249C003AE3DE /* Personalization.swift */; };
		C88C5E942613249C003AE3DE /* AEPEdgePersonalization.h in Headers */ = {isa = PBXBuildFile; fileRef = C88C5E902613249C003AE3DE /* AEPEdgePersonalization.h */; settings = {ATTRIBUTES = (Public, ); }; };
		C88C5E952613249C003AE3DE /* PersonalizationConstants.swift in Sources */ = {isa = PBXBuildFile; fileRef = C88C5E912613249C003AE3DE /* PersonalizationConstants.swift */; };
		C88C5EA82613257A003AE3DE /* PersonalizationTests.swift in Sources */ = {isa = PBXBuildFile; fileRef = C88C5EA12613255F003AE3DE /* PersonalizationTests.swift */; };
		C88C5EDD2614F640003AE3DE /* Offer.swift in Sources */ = {isa = PBXBuildFile; fileRef = C88C5EDC2614F640003AE3DE /* Offer.swift */; };
		C88C5EE12614F693003AE3DE /* OfferType.swift in Sources */ = {isa = PBXBuildFile; fileRef = C88C5EE02614F693003AE3DE /* OfferType.swift */; };
		C88C5F0A261523A4003AE3DE /* OfferTests.swift in Sources */ = {isa = PBXBuildFile; fileRef = C88C5F0326152390003AE3DE /* OfferTests.swift */; };
		C88C5F0E26152CFF003AE3DE /* Proposition.swift in Sources */ = {isa = PBXBuildFile; fileRef = C88C5F0D26152CFF003AE3DE /* Proposition.swift */; };
		C88C5F1226152DAB003AE3DE /* DecisionScope.swift in Sources */ = {isa = PBXBuildFile; fileRef = C88C5F1126152DAB003AE3DE /* DecisionScope.swift */; };
		C88C5F1F2615916D003AE3DE /* DecisionScopeTests.swift in Sources */ = {isa = PBXBuildFile; fileRef = C88C5F1E2615916D003AE3DE /* DecisionScopeTests.swift */; };
		C88C5F272615A057003AE3DE /* OfferTypeTests.swift in Sources */ = {isa = PBXBuildFile; fileRef = C88C5F262615A057003AE3DE /* OfferTypeTests.swift */; };
		C88C5F3326185EF8003AE3DE /* StringInterpolation+Personalization.swift in Sources */ = {isa = PBXBuildFile; fileRef = C88C5F3226185EF4003AE3DE /* StringInterpolation+Personalization.swift */; };
		C88C5F4126187F0B003AE3DE /* String+Personalization.swift in Sources */ = {isa = PBXBuildFile; fileRef = C88C5F4026187F0A003AE3DE /* String+Personalization.swift */; };
		C88C5F56261C3F6A003AE3DE /* PropositionTests.swift in Sources */ = {isa = PBXBuildFile; fileRef = C88C5F55261C3F69003AE3DE /* PropositionTests.swift */; };
		C88C5F7A261D06A6003AE3DE /* Personalization+PublicAPI.swift in Sources */ = {isa = PBXBuildFile; fileRef = C88C5F79261D06A5003AE3DE /* Personalization+PublicAPI.swift */; };
		C88C5FA4261D649A003AE3DE /* AEPEdgePersonalization.framework in Frameworks */ = {isa = PBXBuildFile; fileRef = C892B490260EAC74007FE5C5 /* AEPEdgePersonalization.framework */; };
		C88C5FDA261D8EE3003AE3DE /* PersonalizationPublicAPITests.swift in Sources */ = {isa = PBXBuildFile; fileRef = C88C5FBE261D6602003AE3DE /* PersonalizationPublicAPITests.swift */; };
		C88C5FE3261D8FBF003AE3DE /* MockExtension.swift in Sources */ = {isa = PBXBuildFile; fileRef = C88C5FE2261D8FBF003AE3DE /* MockExtension.swift */; };
		C88C5FEA261D9AD0003AE3DE /* EventHub+PersonalizationTests.swift in Sources */ = {isa = PBXBuildFile; fileRef = C88C5FB9261D65AD003AE3DE /* EventHub+PersonalizationTests.swift */; };
		C88C5FF2261D9E00003AE3DE /* PersonalizationFunctionalTests.swift in Sources */ = {isa = PBXBuildFile; fileRef = C88C5FF1261D9E00003AE3DE /* PersonalizationFunctionalTests.swift */; };
		C892B4F22612DC84007FE5C5 /* AEPEdgePersonalization.framework in Frameworks */ = {isa = PBXBuildFile; fileRef = C892B490260EAC74007FE5C5 /* AEPEdgePersonalization.framework */; };
		C8CA1654261EF29E005B09A0 /* Event+Personalization.swift in Sources */ = {isa = PBXBuildFile; fileRef = C8CA1653261EF29E005B09A0 /* Event+Personalization.swift */; };
		C8CA1666261F6AD0005B09A0 /* ExperienceData.swift in Sources */ = {isa = PBXBuildFile; fileRef = C8CA1665261F6AD0005B09A0 /* ExperienceData.swift */; };
		C8CA16DC2624BDA6005B09A0 /* Array+PersonalizationTests.swift in Sources */ = {isa = PBXBuildFile; fileRef = C8CA16D82624BDA5005B09A0 /* Array+PersonalizationTests.swift */; };
		C8CA16DD2624BDA6005B09A0 /* Event+PersonalizationTests.swift in Sources */ = {isa = PBXBuildFile; fileRef = C8CA16D92624BDA5005B09A0 /* Event+PersonalizationTests.swift */; };
		C8CA16DE2624BDA6005B09A0 /* String+PersonalizationTests.swift in Sources */ = {isa = PBXBuildFile; fileRef = C8CA16DA2624BDA5005B09A0 /* String+PersonalizationTests.swift */; };
		C8CA16DF2624BDA6005B09A0 /* StringInterpolation+PersonalizationTests.swift in Sources */ = {isa = PBXBuildFile; fileRef = C8CA16DB2624BDA5005B09A0 /* StringInterpolation+PersonalizationTests.swift */; };
		C8CA172D262523C4005B09A0 /* TestableExtensionRuntime.swift in Sources */ = {isa = PBXBuildFile; fileRef = C8CA1728262523BF005B09A0 /* TestableExtensionRuntime.swift */; };
/* End PBXBuildFile section */

/* Begin PBXContainerItemProxy section */
		C82A5FA32654F0540062E70A /* PBXContainerItemProxy */ = {
			isa = PBXContainerItemProxy;
			containerPortal = C892B487260EAC74007FE5C5 /* Project object */;
			proxyType = 1;
			remoteGlobalIDString = C892B48F260EAC74007FE5C5;
			remoteInfo = AEPEdgePersonalization;
		};
		C863BF292647B53D004B90A0 /* PBXContainerItemProxy */ = {
			isa = PBXContainerItemProxy;
			containerPortal = C892B487260EAC74007FE5C5 /* Project object */;
			proxyType = 1;
			remoteGlobalIDString = C892B48F260EAC74007FE5C5;
			remoteInfo = AEPEdgePersonalization;
		};
		C88C5FA5261D649A003AE3DE /* PBXContainerItemProxy */ = {
			isa = PBXContainerItemProxy;
			containerPortal = C892B487260EAC74007FE5C5 /* Project object */;
			proxyType = 1;
			remoteGlobalIDString = C892B48F260EAC74007FE5C5;
			remoteInfo = AEPEdgePersonalization;
		};
		C892B4F32612DC84007FE5C5 /* PBXContainerItemProxy */ = {
			isa = PBXContainerItemProxy;
			containerPortal = C892B487260EAC74007FE5C5 /* Project object */;
			proxyType = 1;
			remoteGlobalIDString = C892B48F260EAC74007FE5C5;
			remoteInfo = AEPEdgePersonalization;
		};
/* End PBXContainerItemProxy section */

/* Begin PBXCopyFilesBuildPhase section */
		C863BF2D2647B573004B90A0 /* Embed Frameworks */ = {
			isa = PBXCopyFilesBuildPhase;
			buildActionMask = 2147483647;
			dstPath = "";
			dstSubfolderSpec = 10;
			files = (
				C863BF332647B577004B90A0 /* AEPEdgePersonalization.framework in Embed Frameworks */,
				C863BF2C2647B573004B90A0 /* Pods_AEPEdgePersonalizationDemoSwiftUI.framework in Embed Frameworks */,
			);
			name = "Embed Frameworks";
			runOnlyForDeploymentPostprocessing = 0;
		};
/* End PBXCopyFilesBuildPhase section */

/* Begin PBXFileReference section */
		292D56A0964014BA2BDB65C4 /* Pods-shared-AEPEdgePersonalizationDemoObjC.debug.xcconfig */ = {isa = PBXFileReference; includeInIndex = 1; lastKnownFileType = text.xcconfig; name = "Pods-shared-AEPEdgePersonalizationDemoObjC.debug.xcconfig"; path = "Target Support Files/Pods-shared-AEPEdgePersonalizationDemoObjC/Pods-shared-AEPEdgePersonalizationDemoObjC.debug.xcconfig"; sourceTree = "<group>"; };
		2B95D8C68FDB07A7274CF8D8 /* Pods-shared-AEPEdgePersonalizationDemoObjC.release.xcconfig */ = {isa = PBXFileReference; includeInIndex = 1; lastKnownFileType = text.xcconfig; name = "Pods-shared-AEPEdgePersonalizationDemoObjC.release.xcconfig"; path = "Target Support Files/Pods-shared-AEPEdgePersonalizationDemoObjC/Pods-shared-AEPEdgePersonalizationDemoObjC.release.xcconfig"; sourceTree = "<group>"; };
		2D18351243B271451E8EAA1C /* Pods-AEPEdgePersonalization.release.xcconfig */ = {isa = PBXFileReference; includeInIndex = 1; lastKnownFileType = text.xcconfig; name = "Pods-AEPEdgePersonalization.release.xcconfig"; path = "Target Support Files/Pods-AEPEdgePersonalization/Pods-AEPEdgePersonalization.release.xcconfig"; sourceTree = "<group>"; };
		3CE45BF0DB182B246B4809A5 /* Pods_shared_AEPEdgePersonalizationDemoSwiftUI.framework */ = {isa = PBXFileReference; explicitFileType = wrapper.framework; includeInIndex = 0; path = Pods_shared_AEPEdgePersonalizationDemoSwiftUI.framework; sourceTree = BUILT_PRODUCTS_DIR; };
		41916D155773EF0465C41CBF /* Pods_shared_AEPEdgePersonalizationDemoObjC.framework */ = {isa = PBXFileReference; explicitFileType = wrapper.framework; includeInIndex = 0; path = Pods_shared_AEPEdgePersonalizationDemoObjC.framework; sourceTree = BUILT_PRODUCTS_DIR; };
		5237AAF8AAE9850DEDEA2C88 /* Pods_AEPEdgePersonalization.framework */ = {isa = PBXFileReference; explicitFileType = wrapper.framework; includeInIndex = 0; path = Pods_AEPEdgePersonalization.framework; sourceTree = BUILT_PRODUCTS_DIR; };
		5A65E1B8CACB4FC2A47F7290 /* Pods-shared-AEPEdgePersonalizationDemoSwiftUI.debug.xcconfig */ = {isa = PBXFileReference; includeInIndex = 1; lastKnownFileType = text.xcconfig; name = "Pods-shared-AEPEdgePersonalizationDemoSwiftUI.debug.xcconfig"; path = "Target Support Files/Pods-shared-AEPEdgePersonalizationDemoSwiftUI/Pods-shared-AEPEdgePersonalizationDemoSwiftUI.debug.xcconfig"; sourceTree = "<group>"; };
		5B362650605E586CC73D7DA3 /* Pods-shared-AEPEdgePersonalizationDemoSwiftUI.release.xcconfig */ = {isa = PBXFileReference; includeInIndex = 1; lastKnownFileType = text.xcconfig; name = "Pods-shared-AEPEdgePersonalizationDemoSwiftUI.release.xcconfig"; path = "Target Support Files/Pods-shared-AEPEdgePersonalizationDemoSwiftUI/Pods-shared-AEPEdgePersonalizationDemoSwiftUI.release.xcconfig"; sourceTree = "<group>"; };
		74B9C2F3CA52295A7E3D1705 /* Pods_UnitTests.framework */ = {isa = PBXFileReference; explicitFileType = wrapper.framework; includeInIndex = 0; path = Pods_UnitTests.framework; sourceTree = BUILT_PRODUCTS_DIR; };
		83FC35562E7450747904E39C /* Pods-UnitTests.release.xcconfig */ = {isa = PBXFileReference; includeInIndex = 1; lastKnownFileType = text.xcconfig; name = "Pods-UnitTests.release.xcconfig"; path = "Target Support Files/Pods-UnitTests/Pods-UnitTests.release.xcconfig"; sourceTree = "<group>"; };
		845E2936CC60AD44EBE2F65E /* Pods-AEPEdgePersonalizationDemoSwiftUI.debug.xcconfig */ = {isa = PBXFileReference; includeInIndex = 1; lastKnownFileType = text.xcconfig; name = "Pods-AEPEdgePersonalizationDemoSwiftUI.debug.xcconfig"; path = "Target Support Files/Pods-AEPEdgePersonalizationDemoSwiftUI/Pods-AEPEdgePersonalizationDemoSwiftUI.debug.xcconfig"; sourceTree = "<group>"; };
		906767562397250C4323720D /* Pods_AEPEdgePersonalizationDemoSwiftUI.framework */ = {isa = PBXFileReference; explicitFileType = wrapper.framework; includeInIndex = 0; path = Pods_AEPEdgePersonalizationDemoSwiftUI.framework; sourceTree = BUILT_PRODUCTS_DIR; };
		9EE07424FC1DD074D8B9FD0C /* Pods_FunctionalTests.framework */ = {isa = PBXFileReference; explicitFileType = wrapper.framework; includeInIndex = 0; path = Pods_FunctionalTests.framework; sourceTree = BUILT_PRODUCTS_DIR; };
		B0E42278E35EFD3DBCB6E0CA /* Pods-AEPEdgePersonalizationDemoSwiftUI.release.xcconfig */ = {isa = PBXFileReference; includeInIndex = 1; lastKnownFileType = text.xcconfig; name = "Pods-AEPEdgePersonalizationDemoSwiftUI.release.xcconfig"; path = "Target Support Files/Pods-AEPEdgePersonalizationDemoSwiftUI/Pods-AEPEdgePersonalizationDemoSwiftUI.release.xcconfig"; sourceTree = "<group>"; };
		C8276BE3261EC74F00508873 /* Array+Personalization.swift */ = {isa = PBXFileReference; lastKnownFileType = sourcecode.swift; path = "Array+Personalization.swift"; sourceTree = "<group>"; };
		C82A5EEA265339A30062E70A /* CustomButtonView.swift */ = {isa = PBXFileReference; lastKnownFileType = sourcecode.swift; path = CustomButtonView.swift; sourceTree = "<group>"; };
		C82A5EF6265347040062E70A /* TextOfferView.swift */ = {isa = PBXFileReference; lastKnownFileType = sourcecode.swift; path = TextOfferView.swift; sourceTree = "<group>"; };
		C82A5EFE26535ACB0062E70A /* HtmlOfferView.swift */ = {isa = PBXFileReference; lastKnownFileType = sourcecode.swift; path = HtmlOfferView.swift; sourceTree = "<group>"; };
		C82A5F0626535F5E0062E70A /* ImageOfferView.swift */ = {isa = PBXFileReference; lastKnownFileType = sourcecode.swift; path = ImageOfferView.swift; sourceTree = "<group>"; };
		C82A5F112653A88A0062E70A /* HeaderView.swift */ = {isa = PBXFileReference; lastKnownFileType = sourcecode.swift; path = HeaderView.swift; sourceTree = "<group>"; };
		C82A5F382654D1990062E70A /* AEPEdgePersonalizationDemoObjC.app */ = {isa = PBXFileReference; explicitFileType = wrapper.application; includeInIndex = 0; path = AEPEdgePersonalizationDemoObjC.app; sourceTree = BUILT_PRODUCTS_DIR; };
		C82A5F3A2654D1990062E70A /* AppDelegate.h */ = {isa = PBXFileReference; lastKnownFileType = sourcecode.c.h; path = AppDelegate.h; sourceTree = "<group>"; };
		C82A5F3B2654D1990062E70A /* AppDelegate.m */ = {isa = PBXFileReference; lastKnownFileType = sourcecode.c.objc; path = AppDelegate.m; sourceTree = "<group>"; };
		C82A5F3D2654D1990062E70A /* SceneDelegate.h */ = {isa = PBXFileReference; lastKnownFileType = sourcecode.c.h; path = SceneDelegate.h; sourceTree = "<group>"; };
		C82A5F3E2654D1990062E70A /* SceneDelegate.m */ = {isa = PBXFileReference; lastKnownFileType = sourcecode.c.objc; path = SceneDelegate.m; sourceTree = "<group>"; };
		C82A5F402654D1990062E70A /* ViewController.h */ = {isa = PBXFileReference; lastKnownFileType = sourcecode.c.h; path = ViewController.h; sourceTree = "<group>"; };
		C82A5F412654D1990062E70A /* ViewController.m */ = {isa = PBXFileReference; lastKnownFileType = sourcecode.c.objc; path = ViewController.m; sourceTree = "<group>"; };
		C82A5F442654D1990062E70A /* Base */ = {isa = PBXFileReference; lastKnownFileType = file.storyboard; name = Base; path = Base.lproj/Main.storyboard; sourceTree = "<group>"; };
		C82A5F462654D19C0062E70A /* Assets.xcassets */ = {isa = PBXFileReference; lastKnownFileType = folder.assetcatalog; path = Assets.xcassets; sourceTree = "<group>"; };
		C82A5F492654D19C0062E70A /* Base */ = {isa = PBXFileReference; lastKnownFileType = file.storyboard; name = Base; path = Base.lproj/LaunchScreen.storyboard; sourceTree = "<group>"; };
		C82A5F4B2654D19C0062E70A /* Info.plist */ = {isa = PBXFileReference; lastKnownFileType = text.plist.xml; path = Info.plist; sourceTree = "<group>"; };
		C82A5F4C2654D19C0062E70A /* main.m */ = {isa = PBXFileReference; lastKnownFileType = sourcecode.c.objc; path = main.m; sourceTree = "<group>"; };
		C863BE9A26458371004B90A0 /* AEPEdgePersonalizationDemoSwiftUI.app */ = {isa = PBXFileReference; explicitFileType = wrapper.application; includeInIndex = 0; path = AEPEdgePersonalizationDemoSwiftUI.app; sourceTree = BUILT_PRODUCTS_DIR; };
		C863BE9C26458371004B90A0 /* AEPEdgePersonalizationDemoSwiftUIApp.swift */ = {isa = PBXFileReference; lastKnownFileType = sourcecode.swift; path = AEPEdgePersonalizationDemoSwiftUIApp.swift; sourceTree = "<group>"; };
		C863BE9E26458371004B90A0 /* OffersView.swift */ = {isa = PBXFileReference; lastKnownFileType = sourcecode.swift; path = OffersView.swift; sourceTree = "<group>"; };
		C863BEA026458373004B90A0 /* Assets.xcassets */ = {isa = PBXFileReference; lastKnownFileType = folder.assetcatalog; path = Assets.xcassets; sourceTree = "<group>"; };
		C863BEA326458373004B90A0 /* Preview Assets.xcassets */ = {isa = PBXFileReference; lastKnownFileType = folder.assetcatalog; path = "Preview Assets.xcassets"; sourceTree = "<group>"; };
		C863BEA526458373004B90A0 /* Info.plist */ = {isa = PBXFileReference; lastKnownFileType = text.plist.xml; path = Info.plist; sourceTree = "<group>"; };
		C863BF402647C9F2004B90A0 /* SettingsView.swift */ = {isa = PBXFileReference; lastKnownFileType = sourcecode.swift; path = SettingsView.swift; sourceTree = "<group>"; };
		C863BF452647CA28004B90A0 /* HomeView.swift */ = {isa = PBXFileReference; lastKnownFileType = sourcecode.swift; path = HomeView.swift; sourceTree = "<group>"; };
		C88C5E8F2613249C003AE3DE /* Personalization.swift */ = {isa = PBXFileReference; fileEncoding = 4; lastKnownFileType = sourcecode.swift; path = Personalization.swift; sourceTree = "<group>"; };
		C88C5E902613249C003AE3DE /* AEPEdgePersonalization.h */ = {isa = PBXFileReference; fileEncoding = 4; lastKnownFileType = sourcecode.c.h; path = AEPEdgePersonalization.h; sourceTree = "<group>"; };
		C88C5E912613249C003AE3DE /* PersonalizationConstants.swift */ = {isa = PBXFileReference; fileEncoding = 4; lastKnownFileType = sourcecode.swift; path = PersonalizationConstants.swift; sourceTree = "<group>"; };
		C88C5E922613249C003AE3DE /* Info.plist */ = {isa = PBXFileReference; fileEncoding = 4; lastKnownFileType = text.plist.xml; path = Info.plist; sourceTree = "<group>"; };
		C88C5EA02613255F003AE3DE /* Info.plist */ = {isa = PBXFileReference; fileEncoding = 4; lastKnownFileType = text.plist.xml; path = Info.plist; sourceTree = "<group>"; };
		C88C5EA12613255F003AE3DE /* PersonalizationTests.swift */ = {isa = PBXFileReference; fileEncoding = 4; lastKnownFileType = sourcecode.swift; path = PersonalizationTests.swift; sourceTree = "<group>"; };
		C88C5EDC2614F640003AE3DE /* Offer.swift */ = {isa = PBXFileReference; lastKnownFileType = sourcecode.swift; path = Offer.swift; sourceTree = "<group>"; };
		C88C5EE02614F693003AE3DE /* OfferType.swift */ = {isa = PBXFileReference; lastKnownFileType = sourcecode.swift; path = OfferType.swift; sourceTree = "<group>"; };
		C88C5F0326152390003AE3DE /* OfferTests.swift */ = {isa = PBXFileReference; lastKnownFileType = sourcecode.swift; path = OfferTests.swift; sourceTree = "<group>"; };
		C88C5F0D26152CFF003AE3DE /* Proposition.swift */ = {isa = PBXFileReference; lastKnownFileType = sourcecode.swift; path = Proposition.swift; sourceTree = "<group>"; };
		C88C5F1126152DAB003AE3DE /* DecisionScope.swift */ = {isa = PBXFileReference; lastKnownFileType = sourcecode.swift; path = DecisionScope.swift; sourceTree = "<group>"; };
		C88C5F1E2615916D003AE3DE /* DecisionScopeTests.swift */ = {isa = PBXFileReference; lastKnownFileType = sourcecode.swift; path = DecisionScopeTests.swift; sourceTree = "<group>"; };
		C88C5F262615A057003AE3DE /* OfferTypeTests.swift */ = {isa = PBXFileReference; lastKnownFileType = sourcecode.swift; path = OfferTypeTests.swift; sourceTree = "<group>"; };
		C88C5F3226185EF4003AE3DE /* StringInterpolation+Personalization.swift */ = {isa = PBXFileReference; lastKnownFileType = sourcecode.swift; path = "StringInterpolation+Personalization.swift"; sourceTree = "<group>"; };
		C88C5F4026187F0A003AE3DE /* String+Personalization.swift */ = {isa = PBXFileReference; lastKnownFileType = sourcecode.swift; path = "String+Personalization.swift"; sourceTree = "<group>"; };
		C88C5F55261C3F69003AE3DE /* PropositionTests.swift */ = {isa = PBXFileReference; lastKnownFileType = sourcecode.swift; path = PropositionTests.swift; sourceTree = "<group>"; };
		C88C5F79261D06A5003AE3DE /* Personalization+PublicAPI.swift */ = {isa = PBXFileReference; fileEncoding = 4; lastKnownFileType = sourcecode.swift; path = "Personalization+PublicAPI.swift"; sourceTree = "<group>"; };
		C88C5F9F261D6499003AE3DE /* FunctionalTests.xctest */ = {isa = PBXFileReference; explicitFileType = wrapper.cfbundle; includeInIndex = 0; path = FunctionalTests.xctest; sourceTree = BUILT_PRODUCTS_DIR; };
		C88C5FAF261D6545003AE3DE /* Info.plist */ = {isa = PBXFileReference; fileEncoding = 4; lastKnownFileType = text.plist.xml; path = Info.plist; sourceTree = "<group>"; };
		C88C5FB9261D65AD003AE3DE /* EventHub+PersonalizationTests.swift */ = {isa = PBXFileReference; fileEncoding = 4; lastKnownFileType = sourcecode.swift; path = "EventHub+PersonalizationTests.swift"; sourceTree = "<group>"; };
		C88C5FBE261D6602003AE3DE /* PersonalizationPublicAPITests.swift */ = {isa = PBXFileReference; fileEncoding = 4; lastKnownFileType = sourcecode.swift; path = PersonalizationPublicAPITests.swift; sourceTree = "<group>"; };
		C88C5FE2261D8FBF003AE3DE /* MockExtension.swift */ = {isa = PBXFileReference; lastKnownFileType = sourcecode.swift; path = MockExtension.swift; sourceTree = "<group>"; };
		C88C5FF1261D9E00003AE3DE /* PersonalizationFunctionalTests.swift */ = {isa = PBXFileReference; lastKnownFileType = sourcecode.swift; path = PersonalizationFunctionalTests.swift; sourceTree = "<group>"; };
		C892B490260EAC74007FE5C5 /* AEPEdgePersonalization.framework */ = {isa = PBXFileReference; explicitFileType = wrapper.framework; includeInIndex = 0; path = AEPEdgePersonalization.framework; sourceTree = BUILT_PRODUCTS_DIR; };
		C892B4ED2612DC84007FE5C5 /* UnitTests.xctest */ = {isa = PBXFileReference; explicitFileType = wrapper.cfbundle; includeInIndex = 0; path = UnitTests.xctest; sourceTree = BUILT_PRODUCTS_DIR; };
		C8CA1653261EF29E005B09A0 /* Event+Personalization.swift */ = {isa = PBXFileReference; lastKnownFileType = sourcecode.swift; path = "Event+Personalization.swift"; sourceTree = "<group>"; };
		C8CA1665261F6AD0005B09A0 /* ExperienceData.swift */ = {isa = PBXFileReference; lastKnownFileType = sourcecode.swift; path = ExperienceData.swift; sourceTree = "<group>"; };
		C8CA16D82624BDA5005B09A0 /* Array+PersonalizationTests.swift */ = {isa = PBXFileReference; fileEncoding = 4; lastKnownFileType = sourcecode.swift; path = "Array+PersonalizationTests.swift"; sourceTree = "<group>"; };
		C8CA16D92624BDA5005B09A0 /* Event+PersonalizationTests.swift */ = {isa = PBXFileReference; fileEncoding = 4; lastKnownFileType = sourcecode.swift; path = "Event+PersonalizationTests.swift"; sourceTree = "<group>"; };
		C8CA16DA2624BDA5005B09A0 /* String+PersonalizationTests.swift */ = {isa = PBXFileReference; fileEncoding = 4; lastKnownFileType = sourcecode.swift; path = "String+PersonalizationTests.swift"; sourceTree = "<group>"; };
		C8CA16DB2624BDA5005B09A0 /* StringInterpolation+PersonalizationTests.swift */ = {isa = PBXFileReference; fileEncoding = 4; lastKnownFileType = sourcecode.swift; path = "StringInterpolation+PersonalizationTests.swift"; sourceTree = "<group>"; };
		C8CA1728262523BF005B09A0 /* TestableExtensionRuntime.swift */ = {isa = PBXFileReference; fileEncoding = 4; lastKnownFileType = sourcecode.swift; path = TestableExtensionRuntime.swift; sourceTree = "<group>"; };
		EE8A689046136AC61038271D /* Pods-UnitTests.debug.xcconfig */ = {isa = PBXFileReference; includeInIndex = 1; lastKnownFileType = text.xcconfig; name = "Pods-UnitTests.debug.xcconfig"; path = "Target Support Files/Pods-UnitTests/Pods-UnitTests.debug.xcconfig"; sourceTree = "<group>"; };
		F41CCB211E0AC213CB539097 /* Pods-FunctionalTests.release.xcconfig */ = {isa = PBXFileReference; includeInIndex = 1; lastKnownFileType = text.xcconfig; name = "Pods-FunctionalTests.release.xcconfig"; path = "Target Support Files/Pods-FunctionalTests/Pods-FunctionalTests.release.xcconfig"; sourceTree = "<group>"; };
		F58FEDB703638AF8D0DCB35B /* Pods-AEPEdgePersonalization.debug.xcconfig */ = {isa = PBXFileReference; includeInIndex = 1; lastKnownFileType = text.xcconfig; name = "Pods-AEPEdgePersonalization.debug.xcconfig"; path = "Target Support Files/Pods-AEPEdgePersonalization/Pods-AEPEdgePersonalization.debug.xcconfig"; sourceTree = "<group>"; };
		F9DF9898D8A50504F485C58E /* Pods-FunctionalTests.debug.xcconfig */ = {isa = PBXFileReference; includeInIndex = 1; lastKnownFileType = text.xcconfig; name = "Pods-FunctionalTests.debug.xcconfig"; path = "Target Support Files/Pods-FunctionalTests/Pods-FunctionalTests.debug.xcconfig"; sourceTree = "<group>"; };
/* End PBXFileReference section */

/* Begin PBXFrameworksBuildPhase section */
		C82A5F352654D1990062E70A /* Frameworks */ = {
			isa = PBXFrameworksBuildPhase;
			buildActionMask = 2147483647;
			files = (
				C82A5FA52654F05E0062E70A /* AEPEdgePersonalization.framework in Frameworks */,
				6E0869EC3ED99F7541E51576 /* Pods_shared_AEPEdgePersonalizationDemoObjC.framework in Frameworks */,
			);
			runOnlyForDeploymentPostprocessing = 0;
		};
		C863BE9726458371004B90A0 /* Frameworks */ = {
			isa = PBXFrameworksBuildPhase;
			buildActionMask = 2147483647;
			files = (
				C863BF322647B577004B90A0 /* AEPEdgePersonalization.framework in Frameworks */,
				58D9AFFD17FD5DC070B659D6 /* Pods_shared_AEPEdgePersonalizationDemoSwiftUI.framework in Frameworks */,
			);
			runOnlyForDeploymentPostprocessing = 0;
		};
		C88C5F9C261D6499003AE3DE /* Frameworks */ = {
			isa = PBXFrameworksBuildPhase;
			buildActionMask = 2147483647;
			files = (
				C88C5FA4261D649A003AE3DE /* AEPEdgePersonalization.framework in Frameworks */,
				3AEB05F692581AAC67BB2B85 /* Pods_FunctionalTests.framework in Frameworks */,
			);
			runOnlyForDeploymentPostprocessing = 0;
		};
		C892B48D260EAC74007FE5C5 /* Frameworks */ = {
			isa = PBXFrameworksBuildPhase;
			buildActionMask = 2147483647;
			files = (
				2E87F2BD58FB15D6C57F5A51 /* Pods_AEPEdgePersonalization.framework in Frameworks */,
			);
			runOnlyForDeploymentPostprocessing = 0;
		};
		C892B4EA2612DC84007FE5C5 /* Frameworks */ = {
			isa = PBXFrameworksBuildPhase;
			buildActionMask = 2147483647;
			files = (
				C892B4F22612DC84007FE5C5 /* AEPEdgePersonalization.framework in Frameworks */,
				41CB4F5069B6936944DDB6B1 /* Pods_UnitTests.framework in Frameworks */,
			);
			runOnlyForDeploymentPostprocessing = 0;
		};
/* End PBXFrameworksBuildPhase section */

/* Begin PBXGroup section */
		BB536604A8DD76C8A52A52E4 /* Frameworks */ = {
			isa = PBXGroup;
			children = (
				5237AAF8AAE9850DEDEA2C88 /* Pods_AEPEdgePersonalization.framework */,
				74B9C2F3CA52295A7E3D1705 /* Pods_UnitTests.framework */,
				9EE07424FC1DD074D8B9FD0C /* Pods_FunctionalTests.framework */,
				41916D155773EF0465C41CBF /* Pods_shared_AEPEdgePersonalizationDemoObjC.framework */,
				3CE45BF0DB182B246B4809A5 /* Pods_shared_AEPEdgePersonalizationDemoSwiftUI.framework */,
			);
			name = Frameworks;
			sourceTree = "<group>";
		};
		C1FBDE9957E71D02D77EA557 /* Pods */ = {
			isa = PBXGroup;
			children = (
				F58FEDB703638AF8D0DCB35B /* Pods-AEPEdgePersonalization.debug.xcconfig */,
				2D18351243B271451E8EAA1C /* Pods-AEPEdgePersonalization.release.xcconfig */,
				EE8A689046136AC61038271D /* Pods-UnitTests.debug.xcconfig */,
				83FC35562E7450747904E39C /* Pods-UnitTests.release.xcconfig */,
				F9DF9898D8A50504F485C58E /* Pods-FunctionalTests.debug.xcconfig */,
				F41CCB211E0AC213CB539097 /* Pods-FunctionalTests.release.xcconfig */,
				845E2936CC60AD44EBE2F65E /* Pods-AEPEdgePersonalizationDemoSwiftUI.debug.xcconfig */,
				B0E42278E35EFD3DBCB6E0CA /* Pods-AEPEdgePersonalizationDemoSwiftUI.release.xcconfig */,
				292D56A0964014BA2BDB65C4 /* Pods-shared-AEPEdgePersonalizationDemoObjC.debug.xcconfig */,
				2B95D8C68FDB07A7274CF8D8 /* Pods-shared-AEPEdgePersonalizationDemoObjC.release.xcconfig */,
				5A65E1B8CACB4FC2A47F7290 /* Pods-shared-AEPEdgePersonalizationDemoSwiftUI.debug.xcconfig */,
				5B362650605E586CC73D7DA3 /* Pods-shared-AEPEdgePersonalizationDemoSwiftUI.release.xcconfig */,
			);
			path = Pods;
			sourceTree = "<group>";
		};
		C82A5F392654D1990062E70A /* AEPEdgePersonalizationDemoObjC */ = {
			isa = PBXGroup;
			children = (
				C82A5F3A2654D1990062E70A /* AppDelegate.h */,
				C82A5F3B2654D1990062E70A /* AppDelegate.m */,
				C82A5F3D2654D1990062E70A /* SceneDelegate.h */,
				C82A5F3E2654D1990062E70A /* SceneDelegate.m */,
				C82A5F402654D1990062E70A /* ViewController.h */,
				C82A5F412654D1990062E70A /* ViewController.m */,
				C82A5F432654D1990062E70A /* Main.storyboard */,
				C82A5F462654D19C0062E70A /* Assets.xcassets */,
				C82A5F482654D19C0062E70A /* LaunchScreen.storyboard */,
				C82A5F4B2654D19C0062E70A /* Info.plist */,
				C82A5F4C2654D19C0062E70A /* main.m */,
			);
			path = AEPEdgePersonalizationDemoObjC;
			sourceTree = "<group>";
		};
		C82A5F762654DC120062E70A /* Recovered References */ = {
			isa = PBXGroup;
			children = (
				906767562397250C4323720D /* Pods_AEPEdgePersonalizationDemoSwiftUI.framework */,
			);
			name = "Recovered References";
			sourceTree = "<group>";
		};
		C863BE7A26458225004B90A0 /* TestApps */ = {
			isa = PBXGroup;
			children = (
				C863BE9B26458371004B90A0 /* AEPEdgePersonalizationDemoSwiftUI */,
				C82A5F392654D1990062E70A /* AEPEdgePersonalizationDemoObjC */,
			);
			path = TestApps;
			sourceTree = "<group>";
		};
		C863BE9B26458371004B90A0 /* AEPEdgePersonalizationDemoSwiftUI */ = {
			isa = PBXGroup;
			children = (
				C863BE9C26458371004B90A0 /* AEPEdgePersonalizationDemoSwiftUIApp.swift */,
				C863BF452647CA28004B90A0 /* HomeView.swift */,
				C863BE9E26458371004B90A0 /* OffersView.swift */,
				C82A5F112653A88A0062E70A /* HeaderView.swift */,
				C82A5EEA265339A30062E70A /* CustomButtonView.swift */,
				C82A5EF6265347040062E70A /* TextOfferView.swift */,
				C82A5F0626535F5E0062E70A /* ImageOfferView.swift */,
				C82A5EFE26535ACB0062E70A /* HtmlOfferView.swift */,
				C863BF402647C9F2004B90A0 /* SettingsView.swift */,
				C863BEA026458373004B90A0 /* Assets.xcassets */,
				C863BEA526458373004B90A0 /* Info.plist */,
				C863BEA226458373004B90A0 /* Preview Content */,
			);
			path = AEPEdgePersonalizationDemoSwiftUI;
			sourceTree = "<group>";
		};
		C863BEA226458373004B90A0 /* Preview Content */ = {
			isa = PBXGroup;
			children = (
				C863BEA326458373004B90A0 /* Preview Assets.xcassets */,
			);
			path = "Preview Content";
			sourceTree = "<group>";
		};
		C88C5E802613241C003AE3DE /* Sources */ = {
			isa = PBXGroup;
			children = (
				C88C5E812613242E003AE3DE /* AEPEdgePersonalization */,
			);
			path = Sources;
			sourceTree = "<group>";
		};
		C88C5E812613242E003AE3DE /* AEPEdgePersonalization */ = {
			isa = PBXGroup;
			children = (
				C88C5F1726154621003AE3DE /* Public */,
				C88C5E8F2613249C003AE3DE /* Personalization.swift */,
				C88C5E912613249C003AE3DE /* PersonalizationConstants.swift */,
				C88C5E902613249C003AE3DE /* AEPEdgePersonalization.h */,
				C88C5F3626185F0D003AE3DE /* Utils */,
				C88C5E922613249C003AE3DE /* Info.plist */,
			);
			path = AEPEdgePersonalization;
			sourceTree = "<group>";
		};
		C88C5E9B261324DE003AE3DE /* Tests */ = {
			isa = PBXGroup;
			children = (
				C88C5E9C261324E8003AE3DE /* AEPEdgePersonalizationTests */,
			);
			path = Tests;
			sourceTree = "<group>";
		};
		C88C5E9C261324E8003AE3DE /* AEPEdgePersonalizationTests */ = {
			isa = PBXGroup;
			children = (
				C88C5FAD261D6545003AE3DE /* FunctionalTests */,
				C88C5E9D26132525003AE3DE /* UnitTests */,
			);
			path = AEPEdgePersonalizationTests;
			sourceTree = "<group>";
		};
		C88C5E9D26132525003AE3DE /* UnitTests */ = {
			isa = PBXGroup;
			children = (
				C88C5FE1261D8F25003AE3DE /* Mocks */,
				C8CA16E62624BDC9005B09A0 /* Utils */,
				C88C5EA02613255F003AE3DE /* Info.plist */,
				C88C5FBE261D6602003AE3DE /* PersonalizationPublicAPITests.swift */,
				C88C5F1E2615916D003AE3DE /* DecisionScopeTests.swift */,
				C88C5F0326152390003AE3DE /* OfferTests.swift */,
				C88C5F262615A057003AE3DE /* OfferTypeTests.swift */,
				C88C5F55261C3F69003AE3DE /* PropositionTests.swift */,
				C88C5EA12613255F003AE3DE /* PersonalizationTests.swift */,
			);
			path = UnitTests;
			sourceTree = "<group>";
		};
		C88C5F1726154621003AE3DE /* Public */ = {
			isa = PBXGroup;
			children = (
				C88C5F79261D06A5003AE3DE /* Personalization+PublicAPI.swift */,
				C88C5F1126152DAB003AE3DE /* DecisionScope.swift */,
				C88C5EDC2614F640003AE3DE /* Offer.swift */,
				C88C5EE02614F693003AE3DE /* OfferType.swift */,
				C88C5F0D26152CFF003AE3DE /* Proposition.swift */,
				C8CA1665261F6AD0005B09A0 /* ExperienceData.swift */,
			);
			name = Public;
			sourceTree = "<group>";
		};
		C88C5F3626185F0D003AE3DE /* Utils */ = {
			isa = PBXGroup;
			children = (
				C88C5F3226185EF4003AE3DE /* StringInterpolation+Personalization.swift */,
				C88C5F4026187F0A003AE3DE /* String+Personalization.swift */,
				C8276BE3261EC74F00508873 /* Array+Personalization.swift */,
				C8CA1653261EF29E005B09A0 /* Event+Personalization.swift */,
			);
			name = Utils;
			sourceTree = "<group>";
		};
		C88C5FAD261D6545003AE3DE /* FunctionalTests */ = {
			isa = PBXGroup;
			children = (
				C88C5FB8261D65AD003AE3DE /* TestHelpers */,
				C88C5FAF261D6545003AE3DE /* Info.plist */,
				C88C5FF1261D9E00003AE3DE /* PersonalizationFunctionalTests.swift */,
			);
			path = FunctionalTests;
			sourceTree = "<group>";
		};
		C88C5FB8261D65AD003AE3DE /* TestHelpers */ = {
			isa = PBXGroup;
			children = (
				C8CA1728262523BF005B09A0 /* TestableExtensionRuntime.swift */,
			);
			path = TestHelpers;
			sourceTree = "<group>";
		};
		C88C5FE1261D8F25003AE3DE /* Mocks */ = {
			isa = PBXGroup;
			children = (
				C88C5FE2261D8FBF003AE3DE /* MockExtension.swift */,
				C88C5FB9261D65AD003AE3DE /* EventHub+PersonalizationTests.swift */,
			);
			path = Mocks;
			sourceTree = "<group>";
		};
		C892B486260EAC74007FE5C5 = {
			isa = PBXGroup;
			children = (
				C88C5E802613241C003AE3DE /* Sources */,
				C88C5E9B261324DE003AE3DE /* Tests */,
				C863BE7A26458225004B90A0 /* TestApps */,
				C892B491260EAC74007FE5C5 /* Products */,
				C1FBDE9957E71D02D77EA557 /* Pods */,
				BB536604A8DD76C8A52A52E4 /* Frameworks */,
				C82A5F762654DC120062E70A /* Recovered References */,
			);
			sourceTree = "<group>";
		};
		C892B491260EAC74007FE5C5 /* Products */ = {
			isa = PBXGroup;
			children = (
				C892B490260EAC74007FE5C5 /* AEPEdgePersonalization.framework */,
				C892B4ED2612DC84007FE5C5 /* UnitTests.xctest */,
				C88C5F9F261D6499003AE3DE /* FunctionalTests.xctest */,
				C863BE9A26458371004B90A0 /* AEPEdgePersonalizationDemoSwiftUI.app */,
				C82A5F382654D1990062E70A /* AEPEdgePersonalizationDemoObjC.app */,
			);
			name = Products;
			sourceTree = "<group>";
		};
		C8CA16E62624BDC9005B09A0 /* Utils */ = {
			isa = PBXGroup;
			children = (
				C8CA16D82624BDA5005B09A0 /* Array+PersonalizationTests.swift */,
				C8CA16D92624BDA5005B09A0 /* Event+PersonalizationTests.swift */,
				C8CA16DA2624BDA5005B09A0 /* String+PersonalizationTests.swift */,
				C8CA16DB2624BDA5005B09A0 /* StringInterpolation+PersonalizationTests.swift */,
			);
			name = Utils;
			sourceTree = "<group>";
		};
/* End PBXGroup section */

/* Begin PBXHeadersBuildPhase section */
		C892B48B260EAC74007FE5C5 /* Headers */ = {
			isa = PBXHeadersBuildPhase;
			buildActionMask = 2147483647;
			files = (
				C88C5E942613249C003AE3DE /* AEPEdgePersonalization.h in Headers */,
			);
			runOnlyForDeploymentPostprocessing = 0;
		};
/* End PBXHeadersBuildPhase section */

/* Begin PBXNativeTarget section */
		C82A5F372654D1990062E70A /* AEPEdgePersonalizationDemoObjC */ = {
			isa = PBXNativeTarget;
			buildConfigurationList = C82A5F502654D19C0062E70A /* Build configuration list for PBXNativeTarget "AEPEdgePersonalizationDemoObjC" */;
			buildPhases = (
				9FF3512B8FE1809C68556157 /* [CP] Check Pods Manifest.lock */,
				C82A5F342654D1990062E70A /* Sources */,
				C82A5F352654D1990062E70A /* Frameworks */,
				C82A5F362654D1990062E70A /* Resources */,
				CBB622C2C11352F046FF1F41 /* [CP] Embed Pods Frameworks */,
			);
			buildRules = (
			);
			dependencies = (
				C82A5FA42654F0540062E70A /* PBXTargetDependency */,
			);
			name = AEPEdgePersonalizationDemoObjC;
			productName = AEPEdgePersonalizationDemoObjC;
			productReference = C82A5F382654D1990062E70A /* AEPEdgePersonalizationDemoObjC.app */;
			productType = "com.apple.product-type.application";
		};
		C863BE9926458371004B90A0 /* AEPEdgePersonalizationDemoSwiftUI */ = {
			isa = PBXNativeTarget;
			buildConfigurationList = C863BEA626458373004B90A0 /* Build configuration list for PBXNativeTarget "AEPEdgePersonalizationDemoSwiftUI" */;
			buildPhases = (
				2269561664C34F3CEC539E23 /* [CP] Check Pods Manifest.lock */,
				C863BE9626458371004B90A0 /* Sources */,
				C863BE9726458371004B90A0 /* Frameworks */,
				C863BE9826458371004B90A0 /* Resources */,
				ECD436B3D15041B61C264695 /* [CP] Embed Pods Frameworks */,
				C863BF2D2647B573004B90A0 /* Embed Frameworks */,
			);
			buildRules = (
			);
			dependencies = (
				C863BF2A2647B53D004B90A0 /* PBXTargetDependency */,
			);
			name = AEPEdgePersonalizationDemoSwiftUI;
			productName = AEPEdgePersonalizationDemoSwiftUI;
			productReference = C863BE9A26458371004B90A0 /* AEPEdgePersonalizationDemoSwiftUI.app */;
			productType = "com.apple.product-type.application";
		};
		C88C5F9E261D6499003AE3DE /* FunctionalTests */ = {
			isa = PBXNativeTarget;
			buildConfigurationList = C88C5FA7261D649A003AE3DE /* Build configuration list for PBXNativeTarget "FunctionalTests" */;
			buildPhases = (
				76A0AA98420F093814A001FF /* [CP] Check Pods Manifest.lock */,
				C88C5F9B261D6499003AE3DE /* Sources */,
				C88C5F9C261D6499003AE3DE /* Frameworks */,
				C88C5F9D261D6499003AE3DE /* Resources */,
				61237D260AE1FFFEB4D9E453 /* [CP] Embed Pods Frameworks */,
			);
			buildRules = (
			);
			dependencies = (
				C88C5FA6261D649A003AE3DE /* PBXTargetDependency */,
			);
			name = FunctionalTests;
			productName = FunctionalTests;
			productReference = C88C5F9F261D6499003AE3DE /* FunctionalTests.xctest */;
			productType = "com.apple.product-type.bundle.unit-test";
		};
		C892B48F260EAC74007FE5C5 /* AEPEdgePersonalization */ = {
			isa = PBXNativeTarget;
			buildConfigurationList = C892B498260EAC74007FE5C5 /* Build configuration list for PBXNativeTarget "AEPEdgePersonalization" */;
			buildPhases = (
				FDE9A9BFDFEF08BF74673BE7 /* [CP] Check Pods Manifest.lock */,
				C892B48B260EAC74007FE5C5 /* Headers */,
				C892B48C260EAC74007FE5C5 /* Sources */,
				C892B48D260EAC74007FE5C5 /* Frameworks */,
				C892B48E260EAC74007FE5C5 /* Resources */,
			);
			buildRules = (
			);
			dependencies = (
			);
			name = AEPEdgePersonalization;
			productName = AEPEdgePersonalization;
			productReference = C892B490260EAC74007FE5C5 /* AEPEdgePersonalization.framework */;
			productType = "com.apple.product-type.framework";
		};
		C892B4EC2612DC84007FE5C5 /* UnitTests */ = {
			isa = PBXNativeTarget;
			buildConfigurationList = C892B4F72612DC84007FE5C5 /* Build configuration list for PBXNativeTarget "UnitTests" */;
			buildPhases = (
				A6312654F9A6FD3B985C242F /* [CP] Check Pods Manifest.lock */,
				C892B4E92612DC84007FE5C5 /* Sources */,
				C892B4EA2612DC84007FE5C5 /* Frameworks */,
				C892B4EB2612DC84007FE5C5 /* Resources */,
				C95A6191C7CD670FB11A8338 /* [CP] Embed Pods Frameworks */,
			);
			buildRules = (
			);
			dependencies = (
				C892B4F42612DC84007FE5C5 /* PBXTargetDependency */,
			);
			name = UnitTests;
			productName = UnitTests;
			productReference = C892B4ED2612DC84007FE5C5 /* UnitTests.xctest */;
			productType = "com.apple.product-type.bundle.unit-test";
		};
/* End PBXNativeTarget section */

/* Begin PBXProject section */
		C892B487260EAC74007FE5C5 /* Project object */ = {
			isa = PBXProject;
			attributes = {
				LastSwiftUpdateCheck = 1230;
				LastUpgradeCheck = 1230;
				TargetAttributes = {
					C82A5F372654D1990062E70A = {
						CreatedOnToolsVersion = 12.3;
					};
					C863BE9926458371004B90A0 = {
						CreatedOnToolsVersion = 12.3;
					};
					C88C5F9E261D6499003AE3DE = {
						CreatedOnToolsVersion = 12.3;
					};
					C892B48F260EAC74007FE5C5 = {
						CreatedOnToolsVersion = 12.3;
						LastSwiftMigration = 1230;
					};
					C892B4EC2612DC84007FE5C5 = {
						CreatedOnToolsVersion = 12.3;
						LastSwiftMigration = 1230;
					};
				};
			};
			buildConfigurationList = C892B48A260EAC74007FE5C5 /* Build configuration list for PBXProject "AEPEdgePersonalization" */;
			compatibilityVersion = "Xcode 9.3";
			developmentRegion = en;
			hasScannedForEncodings = 0;
			knownRegions = (
				en,
				Base,
			);
			mainGroup = C892B486260EAC74007FE5C5;
			productRefGroup = C892B491260EAC74007FE5C5 /* Products */;
			projectDirPath = "";
			projectRoot = "";
			targets = (
				C892B48F260EAC74007FE5C5 /* AEPEdgePersonalization */,
				C892B4EC2612DC84007FE5C5 /* UnitTests */,
				C88C5F9E261D6499003AE3DE /* FunctionalTests */,
				C863BE9926458371004B90A0 /* AEPEdgePersonalizationDemoSwiftUI */,
				C82A5F372654D1990062E70A /* AEPEdgePersonalizationDemoObjC */,
			);
		};
/* End PBXProject section */

/* Begin PBXResourcesBuildPhase section */
		C82A5F362654D1990062E70A /* Resources */ = {
			isa = PBXResourcesBuildPhase;
			buildActionMask = 2147483647;
			files = (
				C82A5F4A2654D19C0062E70A /* LaunchScreen.storyboard in Resources */,
				C82A5F472654D19C0062E70A /* Assets.xcassets in Resources */,
				C82A5F452654D1990062E70A /* Main.storyboard in Resources */,
			);
			runOnlyForDeploymentPostprocessing = 0;
		};
		C863BE9826458371004B90A0 /* Resources */ = {
			isa = PBXResourcesBuildPhase;
			buildActionMask = 2147483647;
			files = (
				C863BEA426458373004B90A0 /* Preview Assets.xcassets in Resources */,
				C863BEA126458373004B90A0 /* Assets.xcassets in Resources */,
			);
			runOnlyForDeploymentPostprocessing = 0;
		};
		C88C5F9D261D6499003AE3DE /* Resources */ = {
			isa = PBXResourcesBuildPhase;
			buildActionMask = 2147483647;
			files = (
			);
			runOnlyForDeploymentPostprocessing = 0;
		};
		C892B48E260EAC74007FE5C5 /* Resources */ = {
			isa = PBXResourcesBuildPhase;
			buildActionMask = 2147483647;
			files = (
			);
			runOnlyForDeploymentPostprocessing = 0;
		};
		C892B4EB2612DC84007FE5C5 /* Resources */ = {
			isa = PBXResourcesBuildPhase;
			buildActionMask = 2147483647;
			files = (
			);
			runOnlyForDeploymentPostprocessing = 0;
		};
/* End PBXResourcesBuildPhase section */

/* Begin PBXShellScriptBuildPhase section */
		2269561664C34F3CEC539E23 /* [CP] Check Pods Manifest.lock */ = {
			isa = PBXShellScriptBuildPhase;
			buildActionMask = 2147483647;
			files = (
			);
			inputFileListPaths = (
			);
			inputPaths = (
				"${PODS_PODFILE_DIR_PATH}/Podfile.lock",
				"${PODS_ROOT}/Manifest.lock",
			);
			name = "[CP] Check Pods Manifest.lock";
			outputFileListPaths = (
			);
			outputPaths = (
				"$(DERIVED_FILE_DIR)/Pods-shared-AEPEdgePersonalizationDemoSwiftUI-checkManifestLockResult.txt",
			);
			runOnlyForDeploymentPostprocessing = 0;
			shellPath = /bin/sh;
			shellScript = "diff \"${PODS_PODFILE_DIR_PATH}/Podfile.lock\" \"${PODS_ROOT}/Manifest.lock\" > /dev/null\nif [ $? != 0 ] ; then\n    # print error to STDERR\n    echo \"error: The sandbox is not in sync with the Podfile.lock. Run 'pod install' or update your CocoaPods installation.\" >&2\n    exit 1\nfi\n# This output is used by Xcode 'outputs' to avoid re-running this script phase.\necho \"SUCCESS\" > \"${SCRIPT_OUTPUT_FILE_0}\"\n";
			showEnvVarsInLog = 0;
		};
		61237D260AE1FFFEB4D9E453 /* [CP] Embed Pods Frameworks */ = {
			isa = PBXShellScriptBuildPhase;
			buildActionMask = 2147483647;
			files = (
			);
			inputFileListPaths = (
				"${PODS_ROOT}/Target Support Files/Pods-FunctionalTests/Pods-FunctionalTests-frameworks-${CONFIGURATION}-input-files.xcfilelist",
			);
			name = "[CP] Embed Pods Frameworks";
			outputFileListPaths = (
				"${PODS_ROOT}/Target Support Files/Pods-FunctionalTests/Pods-FunctionalTests-frameworks-${CONFIGURATION}-output-files.xcfilelist",
			);
			runOnlyForDeploymentPostprocessing = 0;
			shellPath = /bin/sh;
			shellScript = "\"${PODS_ROOT}/Target Support Files/Pods-FunctionalTests/Pods-FunctionalTests-frameworks.sh\"\n";
			showEnvVarsInLog = 0;
		};
		76A0AA98420F093814A001FF /* [CP] Check Pods Manifest.lock */ = {
			isa = PBXShellScriptBuildPhase;
			buildActionMask = 2147483647;
			files = (
			);
			inputFileListPaths = (
			);
			inputPaths = (
				"${PODS_PODFILE_DIR_PATH}/Podfile.lock",
				"${PODS_ROOT}/Manifest.lock",
			);
			name = "[CP] Check Pods Manifest.lock";
			outputFileListPaths = (
			);
			outputPaths = (
				"$(DERIVED_FILE_DIR)/Pods-FunctionalTests-checkManifestLockResult.txt",
			);
			runOnlyForDeploymentPostprocessing = 0;
			shellPath = /bin/sh;
			shellScript = "diff \"${PODS_PODFILE_DIR_PATH}/Podfile.lock\" \"${PODS_ROOT}/Manifest.lock\" > /dev/null\nif [ $? != 0 ] ; then\n    # print error to STDERR\n    echo \"error: The sandbox is not in sync with the Podfile.lock. Run 'pod install' or update your CocoaPods installation.\" >&2\n    exit 1\nfi\n# This output is used by Xcode 'outputs' to avoid re-running this script phase.\necho \"SUCCESS\" > \"${SCRIPT_OUTPUT_FILE_0}\"\n";
			showEnvVarsInLog = 0;
		};
		9FF3512B8FE1809C68556157 /* [CP] Check Pods Manifest.lock */ = {
			isa = PBXShellScriptBuildPhase;
			buildActionMask = 2147483647;
			files = (
			);
			inputFileListPaths = (
			);
			inputPaths = (
				"${PODS_PODFILE_DIR_PATH}/Podfile.lock",
				"${PODS_ROOT}/Manifest.lock",
			);
			name = "[CP] Check Pods Manifest.lock";
			outputFileListPaths = (
			);
			outputPaths = (
				"$(DERIVED_FILE_DIR)/Pods-shared-AEPEdgePersonalizationDemoObjC-checkManifestLockResult.txt",
			);
			runOnlyForDeploymentPostprocessing = 0;
			shellPath = /bin/sh;
			shellScript = "diff \"${PODS_PODFILE_DIR_PATH}/Podfile.lock\" \"${PODS_ROOT}/Manifest.lock\" > /dev/null\nif [ $? != 0 ] ; then\n    # print error to STDERR\n    echo \"error: The sandbox is not in sync with the Podfile.lock. Run 'pod install' or update your CocoaPods installation.\" >&2\n    exit 1\nfi\n# This output is used by Xcode 'outputs' to avoid re-running this script phase.\necho \"SUCCESS\" > \"${SCRIPT_OUTPUT_FILE_0}\"\n";
			showEnvVarsInLog = 0;
		};
		A6312654F9A6FD3B985C242F /* [CP] Check Pods Manifest.lock */ = {
			isa = PBXShellScriptBuildPhase;
			buildActionMask = 2147483647;
			files = (
			);
			inputFileListPaths = (
			);
			inputPaths = (
				"${PODS_PODFILE_DIR_PATH}/Podfile.lock",
				"${PODS_ROOT}/Manifest.lock",
			);
			name = "[CP] Check Pods Manifest.lock";
			outputFileListPaths = (
			);
			outputPaths = (
				"$(DERIVED_FILE_DIR)/Pods-UnitTests-checkManifestLockResult.txt",
			);
			runOnlyForDeploymentPostprocessing = 0;
			shellPath = /bin/sh;
			shellScript = "diff \"${PODS_PODFILE_DIR_PATH}/Podfile.lock\" \"${PODS_ROOT}/Manifest.lock\" > /dev/null\nif [ $? != 0 ] ; then\n    # print error to STDERR\n    echo \"error: The sandbox is not in sync with the Podfile.lock. Run 'pod install' or update your CocoaPods installation.\" >&2\n    exit 1\nfi\n# This output is used by Xcode 'outputs' to avoid re-running this script phase.\necho \"SUCCESS\" > \"${SCRIPT_OUTPUT_FILE_0}\"\n";
			showEnvVarsInLog = 0;
		};
		C95A6191C7CD670FB11A8338 /* [CP] Embed Pods Frameworks */ = {
			isa = PBXShellScriptBuildPhase;
			buildActionMask = 2147483647;
			files = (
			);
			inputFileListPaths = (
				"${PODS_ROOT}/Target Support Files/Pods-UnitTests/Pods-UnitTests-frameworks-${CONFIGURATION}-input-files.xcfilelist",
			);
			name = "[CP] Embed Pods Frameworks";
			outputFileListPaths = (
				"${PODS_ROOT}/Target Support Files/Pods-UnitTests/Pods-UnitTests-frameworks-${CONFIGURATION}-output-files.xcfilelist",
			);
			runOnlyForDeploymentPostprocessing = 0;
			shellPath = /bin/sh;
			shellScript = "\"${PODS_ROOT}/Target Support Files/Pods-UnitTests/Pods-UnitTests-frameworks.sh\"\n";
			showEnvVarsInLog = 0;
		};
		CBB622C2C11352F046FF1F41 /* [CP] Embed Pods Frameworks */ = {
			isa = PBXShellScriptBuildPhase;
			buildActionMask = 2147483647;
			files = (
			);
			inputFileListPaths = (
				"${PODS_ROOT}/Target Support Files/Pods-shared-AEPEdgePersonalizationDemoObjC/Pods-shared-AEPEdgePersonalizationDemoObjC-frameworks-${CONFIGURATION}-input-files.xcfilelist",
			);
			name = "[CP] Embed Pods Frameworks";
			outputFileListPaths = (
				"${PODS_ROOT}/Target Support Files/Pods-shared-AEPEdgePersonalizationDemoObjC/Pods-shared-AEPEdgePersonalizationDemoObjC-frameworks-${CONFIGURATION}-output-files.xcfilelist",
			);
			runOnlyForDeploymentPostprocessing = 0;
			shellPath = /bin/sh;
			shellScript = "\"${PODS_ROOT}/Target Support Files/Pods-shared-AEPEdgePersonalizationDemoObjC/Pods-shared-AEPEdgePersonalizationDemoObjC-frameworks.sh\"\n";
			showEnvVarsInLog = 0;
		};
		ECD436B3D15041B61C264695 /* [CP] Embed Pods Frameworks */ = {
			isa = PBXShellScriptBuildPhase;
			buildActionMask = 2147483647;
			files = (
			);
			inputFileListPaths = (
				"${PODS_ROOT}/Target Support Files/Pods-shared-AEPEdgePersonalizationDemoSwiftUI/Pods-shared-AEPEdgePersonalizationDemoSwiftUI-frameworks-${CONFIGURATION}-input-files.xcfilelist",
			);
			name = "[CP] Embed Pods Frameworks";
			outputFileListPaths = (
				"${PODS_ROOT}/Target Support Files/Pods-shared-AEPEdgePersonalizationDemoSwiftUI/Pods-shared-AEPEdgePersonalizationDemoSwiftUI-frameworks-${CONFIGURATION}-output-files.xcfilelist",
			);
			runOnlyForDeploymentPostprocessing = 0;
			shellPath = /bin/sh;
			shellScript = "\"${PODS_ROOT}/Target Support Files/Pods-shared-AEPEdgePersonalizationDemoSwiftUI/Pods-shared-AEPEdgePersonalizationDemoSwiftUI-frameworks.sh\"\n";
			showEnvVarsInLog = 0;
		};
		FDE9A9BFDFEF08BF74673BE7 /* [CP] Check Pods Manifest.lock */ = {
			isa = PBXShellScriptBuildPhase;
			buildActionMask = 2147483647;
			files = (
			);
			inputFileListPaths = (
			);
			inputPaths = (
				"${PODS_PODFILE_DIR_PATH}/Podfile.lock",
				"${PODS_ROOT}/Manifest.lock",
			);
			name = "[CP] Check Pods Manifest.lock";
			outputFileListPaths = (
			);
			outputPaths = (
				"$(DERIVED_FILE_DIR)/Pods-AEPEdgePersonalization-checkManifestLockResult.txt",
			);
			runOnlyForDeploymentPostprocessing = 0;
			shellPath = /bin/sh;
			shellScript = "diff \"${PODS_PODFILE_DIR_PATH}/Podfile.lock\" \"${PODS_ROOT}/Manifest.lock\" > /dev/null\nif [ $? != 0 ] ; then\n    # print error to STDERR\n    echo \"error: The sandbox is not in sync with the Podfile.lock. Run 'pod install' or update your CocoaPods installation.\" >&2\n    exit 1\nfi\n# This output is used by Xcode 'outputs' to avoid re-running this script phase.\necho \"SUCCESS\" > \"${SCRIPT_OUTPUT_FILE_0}\"\n";
			showEnvVarsInLog = 0;
		};
/* End PBXShellScriptBuildPhase section */

/* Begin PBXSourcesBuildPhase section */
		C82A5F342654D1990062E70A /* Sources */ = {
			isa = PBXSourcesBuildPhase;
			buildActionMask = 2147483647;
			files = (
				C82A5F422654D1990062E70A /* ViewController.m in Sources */,
				C82A5F3C2654D1990062E70A /* AppDelegate.m in Sources */,
				C82A5F4D2654D19C0062E70A /* main.m in Sources */,
				C82A5F3F2654D1990062E70A /* SceneDelegate.m in Sources */,
			);
			runOnlyForDeploymentPostprocessing = 0;
		};
		C863BE9626458371004B90A0 /* Sources */ = {
			isa = PBXSourcesBuildPhase;
			buildActionMask = 2147483647;
			files = (
				C82A5EF7265347060062E70A /* TextOfferView.swift in Sources */,
				C82A5F122653A88D0062E70A /* HeaderView.swift in Sources */,
				C82A5EF226533A250062E70A /* CustomButtonView.swift in Sources */,
				C863BE9F26458371004B90A0 /* OffersView.swift in Sources */,
				C863BF462647CA28004B90A0 /* HomeView.swift in Sources */,
				C863BF412647C9F2004B90A0 /* SettingsView.swift in Sources */,
				C82A5EFF26535ACB0062E70A /* HtmlOfferView.swift in Sources */,
				C863BE9D26458371004B90A0 /* AEPEdgePersonalizationDemoSwiftUIApp.swift in Sources */,
				C82A5F0726535F5E0062E70A /* ImageOfferView.swift in Sources */,
			);
			runOnlyForDeploymentPostprocessing = 0;
		};
		C88C5F9B261D6499003AE3DE /* Sources */ = {
			isa = PBXSourcesBuildPhase;
			buildActionMask = 2147483647;
			files = (
				C8CA172D262523C4005B09A0 /* TestableExtensionRuntime.swift in Sources */,
				C88C5FF2261D9E00003AE3DE /* PersonalizationFunctionalTests.swift in Sources */,
			);
			runOnlyForDeploymentPostprocessing = 0;
		};
		C892B48C260EAC74007FE5C5 /* Sources */ = {
			isa = PBXSourcesBuildPhase;
			buildActionMask = 2147483647;
			files = (
				C88C5EDD2614F640003AE3DE /* Offer.swift in Sources */,
				C88C5F3326185EF8003AE3DE /* StringInterpolation+Personalization.swift in Sources */,
				C8CA1654261EF29E005B09A0 /* Event+Personalization.swift in Sources */,
				C88C5F7A261D06A6003AE3DE /* Personalization+PublicAPI.swift in Sources */,
				C88C5F0E26152CFF003AE3DE /* Proposition.swift in Sources */,
				C88C5F1226152DAB003AE3DE /* DecisionScope.swift in Sources */,
				C88C5E952613249C003AE3DE /* PersonalizationConstants.swift in Sources */,
				C88C5EE12614F693003AE3DE /* OfferType.swift in Sources */,
				C88C5F4126187F0B003AE3DE /* String+Personalization.swift in Sources */,
				C8CA1666261F6AD0005B09A0 /* ExperienceData.swift in Sources */,
				C8276BE4261EC74F00508873 /* Array+Personalization.swift in Sources */,
				C88C5E932613249C003AE3DE /* Personalization.swift in Sources */,
			);
			runOnlyForDeploymentPostprocessing = 0;
		};
		C892B4E92612DC84007FE5C5 /* Sources */ = {
			isa = PBXSourcesBuildPhase;
			buildActionMask = 2147483647;
			files = (
				C8CA16DF2624BDA6005B09A0 /* StringInterpolation+PersonalizationTests.swift in Sources */,
				C8CA16DD2624BDA6005B09A0 /* Event+PersonalizationTests.swift in Sources */,
				C88C5F0A261523A4003AE3DE /* OfferTests.swift in Sources */,
				C8CA16DE2624BDA6005B09A0 /* String+PersonalizationTests.swift in Sources */,
				C88C5FE3261D8FBF003AE3DE /* MockExtension.swift in Sources */,
				C88C5F1F2615916D003AE3DE /* DecisionScopeTests.swift in Sources */,
				C88C5F56261C3F6A003AE3DE /* PropositionTests.swift in Sources */,
				C88C5F272615A057003AE3DE /* OfferTypeTests.swift in Sources */,
				C8CA16DC2624BDA6005B09A0 /* Array+PersonalizationTests.swift in Sources */,
				C88C5FDA261D8EE3003AE3DE /* PersonalizationPublicAPITests.swift in Sources */,
				C88C5EA82613257A003AE3DE /* PersonalizationTests.swift in Sources */,
				C88C5FEA261D9AD0003AE3DE /* EventHub+PersonalizationTests.swift in Sources */,
			);
			runOnlyForDeploymentPostprocessing = 0;
		};
/* End PBXSourcesBuildPhase section */

/* Begin PBXTargetDependency section */
		C82A5FA42654F0540062E70A /* PBXTargetDependency */ = {
			isa = PBXTargetDependency;
			target = C892B48F260EAC74007FE5C5 /* AEPEdgePersonalization */;
			targetProxy = C82A5FA32654F0540062E70A /* PBXContainerItemProxy */;
		};
		C863BF2A2647B53D004B90A0 /* PBXTargetDependency */ = {
			isa = PBXTargetDependency;
			target = C892B48F260EAC74007FE5C5 /* AEPEdgePersonalization */;
			targetProxy = C863BF292647B53D004B90A0 /* PBXContainerItemProxy */;
		};
		C88C5FA6261D649A003AE3DE /* PBXTargetDependency */ = {
			isa = PBXTargetDependency;
			target = C892B48F260EAC74007FE5C5 /* AEPEdgePersonalization */;
			targetProxy = C88C5FA5261D649A003AE3DE /* PBXContainerItemProxy */;
		};
		C892B4F42612DC84007FE5C5 /* PBXTargetDependency */ = {
			isa = PBXTargetDependency;
			target = C892B48F260EAC74007FE5C5 /* AEPEdgePersonalization */;
			targetProxy = C892B4F32612DC84007FE5C5 /* PBXContainerItemProxy */;
		};
/* End PBXTargetDependency section */

/* Begin PBXVariantGroup section */
		C82A5F432654D1990062E70A /* Main.storyboard */ = {
			isa = PBXVariantGroup;
			children = (
				C82A5F442654D1990062E70A /* Base */,
			);
			name = Main.storyboard;
			sourceTree = "<group>";
		};
		C82A5F482654D19C0062E70A /* LaunchScreen.storyboard */ = {
			isa = PBXVariantGroup;
			children = (
				C82A5F492654D19C0062E70A /* Base */,
			);
			name = LaunchScreen.storyboard;
			sourceTree = "<group>";
		};
/* End PBXVariantGroup section */

/* Begin XCBuildConfiguration section */
		C82A5F4E2654D19C0062E70A /* Debug */ = {
			isa = XCBuildConfiguration;
			baseConfigurationReference = 292D56A0964014BA2BDB65C4 /* Pods-shared-AEPEdgePersonalizationDemoObjC.debug.xcconfig */;
			buildSettings = {
				ASSETCATALOG_COMPILER_APPICON_NAME = AppIcon;
				ASSETCATALOG_COMPILER_GLOBAL_ACCENT_COLOR_NAME = AccentColor;
				CODE_SIGN_STYLE = Automatic;
				DEVELOPMENT_TEAM = FKGEE875K4;
				INFOPLIST_FILE = TestApps/AEPEdgePersonalizationDemoObjC/Info.plist;
				IPHONEOS_DEPLOYMENT_TARGET = 14.3;
				LD_RUNPATH_SEARCH_PATHS = (
					"$(inherited)",
					"@executable_path/Frameworks",
				);
				PRODUCT_BUNDLE_IDENTIFIER = com.adobe.aep.AEPEdgePersonalizationDemoObjC;
				PRODUCT_NAME = "$(TARGET_NAME)";
				TARGETED_DEVICE_FAMILY = "1,2";
			};
			name = Debug;
		};
		C82A5F4F2654D19C0062E70A /* Release */ = {
			isa = XCBuildConfiguration;
			baseConfigurationReference = 2B95D8C68FDB07A7274CF8D8 /* Pods-shared-AEPEdgePersonalizationDemoObjC.release.xcconfig */;
			buildSettings = {
				ASSETCATALOG_COMPILER_APPICON_NAME = AppIcon;
				ASSETCATALOG_COMPILER_GLOBAL_ACCENT_COLOR_NAME = AccentColor;
				CODE_SIGN_STYLE = Automatic;
				DEVELOPMENT_TEAM = FKGEE875K4;
				INFOPLIST_FILE = TestApps/AEPEdgePersonalizationDemoObjC/Info.plist;
				IPHONEOS_DEPLOYMENT_TARGET = 14.3;
				LD_RUNPATH_SEARCH_PATHS = (
					"$(inherited)",
					"@executable_path/Frameworks",
				);
				PRODUCT_BUNDLE_IDENTIFIER = com.adobe.aep.AEPEdgePersonalizationDemoObjC;
				PRODUCT_NAME = "$(TARGET_NAME)";
				TARGETED_DEVICE_FAMILY = "1,2";
			};
			name = Release;
		};
		C863BEA726458373004B90A0 /* Debug */ = {
			isa = XCBuildConfiguration;
			baseConfigurationReference = 5A65E1B8CACB4FC2A47F7290 /* Pods-shared-AEPEdgePersonalizationDemoSwiftUI.debug.xcconfig */;
			buildSettings = {
				ASSETCATALOG_COMPILER_APPICON_NAME = AppIcon;
				ASSETCATALOG_COMPILER_GLOBAL_ACCENT_COLOR_NAME = AccentColor;
				CODE_SIGN_STYLE = Automatic;
				DEVELOPMENT_ASSET_PATHS = "\"TestApps/AEPEdgePersonalizationDemoSwiftUI/Preview Content\"";
				DEVELOPMENT_TEAM = FKGEE875K4;
				ENABLE_PREVIEWS = YES;
				INFOPLIST_FILE = TestApps/AEPEdgePersonalizationDemoSwiftUI/Info.plist;
				IPHONEOS_DEPLOYMENT_TARGET = 14.3;
				LD_RUNPATH_SEARCH_PATHS = (
					"$(inherited)",
					"@executable_path/Frameworks",
				);
				PRODUCT_BUNDLE_IDENTIFIER = com.adobe.aep.AEPEdgePersonalizationDemoSwiftUI;
				PRODUCT_NAME = "$(TARGET_NAME)";
				SWIFT_VERSION = 5.0;
				TARGETED_DEVICE_FAMILY = "1,2";
			};
			name = Debug;
		};
		C863BEA826458373004B90A0 /* Release */ = {
			isa = XCBuildConfiguration;
			baseConfigurationReference = 5B362650605E586CC73D7DA3 /* Pods-shared-AEPEdgePersonalizationDemoSwiftUI.release.xcconfig */;
			buildSettings = {
				ASSETCATALOG_COMPILER_APPICON_NAME = AppIcon;
				ASSETCATALOG_COMPILER_GLOBAL_ACCENT_COLOR_NAME = AccentColor;
				CODE_SIGN_STYLE = Automatic;
				DEVELOPMENT_ASSET_PATHS = "\"TestApps/AEPEdgePersonalizationDemoSwiftUI/Preview Content\"";
				DEVELOPMENT_TEAM = FKGEE875K4;
				ENABLE_PREVIEWS = YES;
				INFOPLIST_FILE = TestApps/AEPEdgePersonalizationDemoSwiftUI/Info.plist;
				IPHONEOS_DEPLOYMENT_TARGET = 14.3;
				LD_RUNPATH_SEARCH_PATHS = (
					"$(inherited)",
					"@executable_path/Frameworks",
				);
				PRODUCT_BUNDLE_IDENTIFIER = com.adobe.aep.AEPEdgePersonalizationDemoSwiftUI;
				PRODUCT_NAME = "$(TARGET_NAME)";
				SWIFT_VERSION = 5.0;
				TARGETED_DEVICE_FAMILY = "1,2";
			};
			name = Release;
		};
		C88C5FA8261D649A003AE3DE /* Debug */ = {
			isa = XCBuildConfiguration;
			baseConfigurationReference = F9DF9898D8A50504F485C58E /* Pods-FunctionalTests.debug.xcconfig */;
			buildSettings = {
				CODE_SIGN_STYLE = Automatic;
				DEVELOPMENT_TEAM = FKGEE875K4;
				INFOPLIST_FILE = Tests/AEPEdgePersonalizationTests/FunctionalTests/Info.plist;
				LD_RUNPATH_SEARCH_PATHS = (
					"$(inherited)",
					"@executable_path/Frameworks",
					"@loader_path/Frameworks",
				);
				PRODUCT_BUNDLE_IDENTIFIER = com.adobe.aep.FunctionalTests;
				PRODUCT_NAME = "$(TARGET_NAME)";
				SWIFT_VERSION = 5.0;
				TARGETED_DEVICE_FAMILY = "1,2";
			};
			name = Debug;
		};
		C88C5FA9261D649A003AE3DE /* Release */ = {
			isa = XCBuildConfiguration;
			baseConfigurationReference = F41CCB211E0AC213CB539097 /* Pods-FunctionalTests.release.xcconfig */;
			buildSettings = {
				CODE_SIGN_STYLE = Automatic;
				DEVELOPMENT_TEAM = FKGEE875K4;
				INFOPLIST_FILE = Tests/AEPEdgePersonalizationTests/FunctionalTests/Info.plist;
				LD_RUNPATH_SEARCH_PATHS = (
					"$(inherited)",
					"@executable_path/Frameworks",
					"@loader_path/Frameworks",
				);
				PRODUCT_BUNDLE_IDENTIFIER = com.adobe.aep.FunctionalTests;
				PRODUCT_NAME = "$(TARGET_NAME)";
				SWIFT_VERSION = 5.0;
				TARGETED_DEVICE_FAMILY = "1,2";
			};
			name = Release;
		};
		C892B496260EAC74007FE5C5 /* Debug */ = {
			isa = XCBuildConfiguration;
			buildSettings = {
				ALWAYS_SEARCH_USER_PATHS = NO;
				CLANG_ANALYZER_NONNULL = YES;
				CLANG_ANALYZER_NUMBER_OBJECT_CONVERSION = YES_AGGRESSIVE;
				CLANG_CXX_LANGUAGE_STANDARD = "gnu++14";
				CLANG_CXX_LIBRARY = "libc++";
				CLANG_ENABLE_MODULES = YES;
				CLANG_ENABLE_OBJC_ARC = YES;
				CLANG_ENABLE_OBJC_WEAK = YES;
				CLANG_WARN_BLOCK_CAPTURE_AUTORELEASING = YES;
				CLANG_WARN_BOOL_CONVERSION = YES;
				CLANG_WARN_COMMA = YES;
				CLANG_WARN_CONSTANT_CONVERSION = YES;
				CLANG_WARN_DEPRECATED_OBJC_IMPLEMENTATIONS = YES;
				CLANG_WARN_DIRECT_OBJC_ISA_USAGE = YES_ERROR;
				CLANG_WARN_DOCUMENTATION_COMMENTS = YES;
				CLANG_WARN_EMPTY_BODY = YES;
				CLANG_WARN_ENUM_CONVERSION = YES;
				CLANG_WARN_INFINITE_RECURSION = YES;
				CLANG_WARN_INT_CONVERSION = YES;
				CLANG_WARN_NON_LITERAL_NULL_CONVERSION = YES;
				CLANG_WARN_OBJC_IMPLICIT_RETAIN_SELF = YES;
				CLANG_WARN_OBJC_LITERAL_CONVERSION = YES;
				CLANG_WARN_OBJC_ROOT_CLASS = YES_ERROR;
				CLANG_WARN_QUOTED_INCLUDE_IN_FRAMEWORK_HEADER = YES;
				CLANG_WARN_RANGE_LOOP_ANALYSIS = YES;
				CLANG_WARN_STRICT_PROTOTYPES = YES;
				CLANG_WARN_SUSPICIOUS_MOVE = YES;
				CLANG_WARN_UNGUARDED_AVAILABILITY = YES_AGGRESSIVE;
				CLANG_WARN_UNREACHABLE_CODE = YES;
				CLANG_WARN__DUPLICATE_METHOD_MATCH = YES;
				COPY_PHASE_STRIP = NO;
				CURRENT_PROJECT_VERSION = 1;
				DEBUG_INFORMATION_FORMAT = dwarf;
				ENABLE_STRICT_OBJC_MSGSEND = YES;
				ENABLE_TESTABILITY = YES;
				GCC_C_LANGUAGE_STANDARD = gnu11;
				GCC_DYNAMIC_NO_PIC = NO;
				GCC_NO_COMMON_BLOCKS = YES;
				GCC_OPTIMIZATION_LEVEL = 0;
				GCC_PREPROCESSOR_DEFINITIONS = (
					"DEBUG=1",
					"$(inherited)",
				);
				GCC_WARN_64_TO_32_BIT_CONVERSION = YES;
				GCC_WARN_ABOUT_RETURN_TYPE = YES_ERROR;
				GCC_WARN_UNDECLARED_SELECTOR = YES;
				GCC_WARN_UNINITIALIZED_AUTOS = YES_AGGRESSIVE;
				GCC_WARN_UNUSED_FUNCTION = YES;
				GCC_WARN_UNUSED_VARIABLE = YES;
				IPHONEOS_DEPLOYMENT_TARGET = 10.0;
				MTL_ENABLE_DEBUG_INFO = INCLUDE_SOURCE;
				MTL_FAST_MATH = YES;
				ONLY_ACTIVE_ARCH = YES;
				SDKROOT = iphoneos;
				SWIFT_ACTIVE_COMPILATION_CONDITIONS = DEBUG;
				SWIFT_OPTIMIZATION_LEVEL = "-Onone";
				VERSIONING_SYSTEM = "apple-generic";
				VERSION_INFO_PREFIX = "";
			};
			name = Debug;
		};
		C892B497260EAC74007FE5C5 /* Release */ = {
			isa = XCBuildConfiguration;
			buildSettings = {
				ALWAYS_SEARCH_USER_PATHS = NO;
				CLANG_ANALYZER_NONNULL = YES;
				CLANG_ANALYZER_NUMBER_OBJECT_CONVERSION = YES_AGGRESSIVE;
				CLANG_CXX_LANGUAGE_STANDARD = "gnu++14";
				CLANG_CXX_LIBRARY = "libc++";
				CLANG_ENABLE_MODULES = YES;
				CLANG_ENABLE_OBJC_ARC = YES;
				CLANG_ENABLE_OBJC_WEAK = YES;
				CLANG_WARN_BLOCK_CAPTURE_AUTORELEASING = YES;
				CLANG_WARN_BOOL_CONVERSION = YES;
				CLANG_WARN_COMMA = YES;
				CLANG_WARN_CONSTANT_CONVERSION = YES;
				CLANG_WARN_DEPRECATED_OBJC_IMPLEMENTATIONS = YES;
				CLANG_WARN_DIRECT_OBJC_ISA_USAGE = YES_ERROR;
				CLANG_WARN_DOCUMENTATION_COMMENTS = YES;
				CLANG_WARN_EMPTY_BODY = YES;
				CLANG_WARN_ENUM_CONVERSION = YES;
				CLANG_WARN_INFINITE_RECURSION = YES;
				CLANG_WARN_INT_CONVERSION = YES;
				CLANG_WARN_NON_LITERAL_NULL_CONVERSION = YES;
				CLANG_WARN_OBJC_IMPLICIT_RETAIN_SELF = YES;
				CLANG_WARN_OBJC_LITERAL_CONVERSION = YES;
				CLANG_WARN_OBJC_ROOT_CLASS = YES_ERROR;
				CLANG_WARN_QUOTED_INCLUDE_IN_FRAMEWORK_HEADER = YES;
				CLANG_WARN_RANGE_LOOP_ANALYSIS = YES;
				CLANG_WARN_STRICT_PROTOTYPES = YES;
				CLANG_WARN_SUSPICIOUS_MOVE = YES;
				CLANG_WARN_UNGUARDED_AVAILABILITY = YES_AGGRESSIVE;
				CLANG_WARN_UNREACHABLE_CODE = YES;
				CLANG_WARN__DUPLICATE_METHOD_MATCH = YES;
				COPY_PHASE_STRIP = NO;
				CURRENT_PROJECT_VERSION = 1;
				DEBUG_INFORMATION_FORMAT = "dwarf-with-dsym";
				ENABLE_NS_ASSERTIONS = NO;
				ENABLE_STRICT_OBJC_MSGSEND = YES;
				GCC_C_LANGUAGE_STANDARD = gnu11;
				GCC_NO_COMMON_BLOCKS = YES;
				GCC_WARN_64_TO_32_BIT_CONVERSION = YES;
				GCC_WARN_ABOUT_RETURN_TYPE = YES_ERROR;
				GCC_WARN_UNDECLARED_SELECTOR = YES;
				GCC_WARN_UNINITIALIZED_AUTOS = YES_AGGRESSIVE;
				GCC_WARN_UNUSED_FUNCTION = YES;
				GCC_WARN_UNUSED_VARIABLE = YES;
				IPHONEOS_DEPLOYMENT_TARGET = 10.0;
				MTL_ENABLE_DEBUG_INFO = NO;
				MTL_FAST_MATH = YES;
				SDKROOT = iphoneos;
				SWIFT_COMPILATION_MODE = wholemodule;
				SWIFT_OPTIMIZATION_LEVEL = "-O";
				VALIDATE_PRODUCT = YES;
				VERSIONING_SYSTEM = "apple-generic";
				VERSION_INFO_PREFIX = "";
			};
			name = Release;
		};
		C892B499260EAC74007FE5C5 /* Debug */ = {
			isa = XCBuildConfiguration;
			baseConfigurationReference = F58FEDB703638AF8D0DCB35B /* Pods-AEPEdgePersonalization.debug.xcconfig */;
			buildSettings = {
				CLANG_ENABLE_MODULES = YES;
				CODE_SIGN_STYLE = Automatic;
				DEFINES_MODULE = YES;
				DEVELOPMENT_TEAM = FKGEE875K4;
				DYLIB_COMPATIBILITY_VERSION = 1;
				DYLIB_CURRENT_VERSION = 1;
				DYLIB_INSTALL_NAME_BASE = "@rpath";
				INFOPLIST_FILE = Sources/AEPEdgePersonalization/Info.plist;
				INSTALL_PATH = "$(LOCAL_LIBRARY_DIR)/Frameworks";
				IPHONEOS_DEPLOYMENT_TARGET = 10.0;
				LD_RUNPATH_SEARCH_PATHS = (
					"$(inherited)",
					"@executable_path/Frameworks",
					"@loader_path/Frameworks",
				);
				PRODUCT_BUNDLE_IDENTIFIER = com.adobe.aep.AEPEdgePersonalization;
				PRODUCT_NAME = "$(TARGET_NAME:c99extidentifier)";
				SKIP_INSTALL = YES;
				SWIFT_OPTIMIZATION_LEVEL = "-Onone";
				SWIFT_VERSION = 5.0;
				TARGETED_DEVICE_FAMILY = "1,2";
			};
			name = Debug;
		};
		C892B49A260EAC74007FE5C5 /* Release */ = {
			isa = XCBuildConfiguration;
			baseConfigurationReference = 2D18351243B271451E8EAA1C /* Pods-AEPEdgePersonalization.release.xcconfig */;
			buildSettings = {
				CLANG_ENABLE_MODULES = YES;
				CODE_SIGN_STYLE = Automatic;
				DEFINES_MODULE = YES;
				DEVELOPMENT_TEAM = FKGEE875K4;
				DYLIB_COMPATIBILITY_VERSION = 1;
				DYLIB_CURRENT_VERSION = 1;
				DYLIB_INSTALL_NAME_BASE = "@rpath";
				INFOPLIST_FILE = Sources/AEPEdgePersonalization/Info.plist;
				INSTALL_PATH = "$(LOCAL_LIBRARY_DIR)/Frameworks";
				IPHONEOS_DEPLOYMENT_TARGET = 10.0;
				LD_RUNPATH_SEARCH_PATHS = (
					"$(inherited)",
					"@executable_path/Frameworks",
					"@loader_path/Frameworks",
				);
				PRODUCT_BUNDLE_IDENTIFIER = com.adobe.aep.AEPEdgePersonalization;
				PRODUCT_NAME = "$(TARGET_NAME:c99extidentifier)";
				SKIP_INSTALL = YES;
				SWIFT_VERSION = 5.0;
				TARGETED_DEVICE_FAMILY = "1,2";
			};
			name = Release;
		};
		C892B4F52612DC84007FE5C5 /* Debug */ = {
			isa = XCBuildConfiguration;
			baseConfigurationReference = EE8A689046136AC61038271D /* Pods-UnitTests.debug.xcconfig */;
			buildSettings = {
				ALWAYS_EMBED_SWIFT_STANDARD_LIBRARIES = YES;
				CLANG_ENABLE_MODULES = YES;
				CODE_SIGN_STYLE = Automatic;
				DEVELOPMENT_TEAM = FKGEE875K4;
				INFOPLIST_FILE = Tests/AEPEdgePersonalizationTests/UnitTests/Info.plist;
				IPHONEOS_DEPLOYMENT_TARGET = 10.0;
				LD_RUNPATH_SEARCH_PATHS = (
					"$(inherited)",
					"@executable_path/Frameworks",
					"@loader_path/Frameworks",
				);
				PRODUCT_BUNDLE_IDENTIFIER = com.adobe.aep.UnitTests;
				PRODUCT_NAME = "$(TARGET_NAME)";
				SWIFT_OPTIMIZATION_LEVEL = "-Onone";
				SWIFT_VERSION = 5.0;
				TARGETED_DEVICE_FAMILY = "1,2";
			};
			name = Debug;
		};
		C892B4F62612DC84007FE5C5 /* Release */ = {
			isa = XCBuildConfiguration;
			baseConfigurationReference = 83FC35562E7450747904E39C /* Pods-UnitTests.release.xcconfig */;
			buildSettings = {
				ALWAYS_EMBED_SWIFT_STANDARD_LIBRARIES = YES;
				CLANG_ENABLE_MODULES = YES;
				CODE_SIGN_STYLE = Automatic;
				DEVELOPMENT_TEAM = FKGEE875K4;
				INFOPLIST_FILE = Tests/AEPEdgePersonalizationTests/UnitTests/Info.plist;
				IPHONEOS_DEPLOYMENT_TARGET = 10.0;
				LD_RUNPATH_SEARCH_PATHS = (
					"$(inherited)",
					"@executable_path/Frameworks",
					"@loader_path/Frameworks",
				);
				PRODUCT_BUNDLE_IDENTIFIER = com.adobe.aep.UnitTests;
				PRODUCT_NAME = "$(TARGET_NAME)";
				SWIFT_VERSION = 5.0;
				TARGETED_DEVICE_FAMILY = "1,2";
			};
			name = Release;
		};
/* End XCBuildConfiguration section */

/* Begin XCConfigurationList section */
		C82A5F502654D19C0062E70A /* Build configuration list for PBXNativeTarget "AEPEdgePersonalizationDemoObjC" */ = {
			isa = XCConfigurationList;
			buildConfigurations = (
				C82A5F4E2654D19C0062E70A /* Debug */,
				C82A5F4F2654D19C0062E70A /* Release */,
			);
			defaultConfigurationIsVisible = 0;
			defaultConfigurationName = Release;
		};
		C863BEA626458373004B90A0 /* Build configuration list for PBXNativeTarget "AEPEdgePersonalizationDemoSwiftUI" */ = {
			isa = XCConfigurationList;
			buildConfigurations = (
				C863BEA726458373004B90A0 /* Debug */,
				C863BEA826458373004B90A0 /* Release */,
			);
			defaultConfigurationIsVisible = 0;
			defaultConfigurationName = Release;
		};
		C88C5FA7261D649A003AE3DE /* Build configuration list for PBXNativeTarget "FunctionalTests" */ = {
			isa = XCConfigurationList;
			buildConfigurations = (
				C88C5FA8261D649A003AE3DE /* Debug */,
				C88C5FA9261D649A003AE3DE /* Release */,
			);
			defaultConfigurationIsVisible = 0;
			defaultConfigurationName = Release;
		};
		C892B48A260EAC74007FE5C5 /* Build configuration list for PBXProject "AEPEdgePersonalization" */ = {
			isa = XCConfigurationList;
			buildConfigurations = (
				C892B496260EAC74007FE5C5 /* Debug */,
				C892B497260EAC74007FE5C5 /* Release */,
			);
			defaultConfigurationIsVisible = 0;
			defaultConfigurationName = Release;
		};
		C892B498260EAC74007FE5C5 /* Build configuration list for PBXNativeTarget "AEPEdgePersonalization" */ = {
			isa = XCConfigurationList;
			buildConfigurations = (
				C892B499260EAC74007FE5C5 /* Debug */,
				C892B49A260EAC74007FE5C5 /* Release */,
			);
			defaultConfigurationIsVisible = 0;
			defaultConfigurationName = Release;
		};
		C892B4F72612DC84007FE5C5 /* Build configuration list for PBXNativeTarget "UnitTests" */ = {
			isa = XCConfigurationList;
			buildConfigurations = (
				C892B4F52612DC84007FE5C5 /* Debug */,
				C892B4F62612DC84007FE5C5 /* Release */,
			);
			defaultConfigurationIsVisible = 0;
			defaultConfigurationName = Release;
		};
/* End XCConfigurationList section */
	};
	rootObject = C892B487260EAC74007FE5C5 /* Project object */;
}
